// !$*UTF8*$!
{
	archiveVersion = 1;
	classes = {
	};
	objectVersion = 46;
	objects = {

/* Begin PBXBuildFile section */
		417FEFA615ACBFE300E64503 /* ToolbarTabController.m in Sources */ = {isa = PBXBuildFile; fileRef = 417FEFA515ACBFE300E64503 /* ToolbarTabController.m */; };
		417FEFAB15ACC5C000E64503 /* AppsController.m in Sources */ = {isa = PBXBuildFile; fileRef = 417FEFAA15ACC5C000E64503 /* AppsController.m */; };
		417FEFAF15ACC99800E64503 /* CloudsController.m in Sources */ = {isa = PBXBuildFile; fileRef = 417FEFAE15ACC99800E64503 /* CloudsController.m */; };
		417FEFB215ACD93F00E64503 /* BreadcrumbController.m in Sources */ = {isa = PBXBuildFile; fileRef = 417FEFB115ACD93F00E64503 /* BreadcrumbController.m */; };
		417FEFB515AD211800E64503 /* BreadcrumbBar.m in Sources */ = {isa = PBXBuildFile; fileRef = 417FEFB415AD211800E64503 /* BreadcrumbBar.m */; };
		4188EB3B15ACB6800064206C /* MainMenu.xib in Resources */ = {isa = PBXBuildFile; fileRef = 4188EB3915ACB6800064206C /* MainMenu.xib */; };
		41F9028F15AF257000550870 /* AppsView.m in Sources */ = {isa = PBXBuildFile; fileRef = 41F9028E15AF257000550870 /* AppsView.m */; };
		F32F9744154908CB002CCF27 /* Cocoa.framework in Frameworks */ = {isa = PBXBuildFile; fileRef = F32F9743154908CB002CCF27 /* Cocoa.framework */; };
		F32F974E154908CB002CCF27 /* InfoPlist.strings in Resources */ = {isa = PBXBuildFile; fileRef = F32F974C154908CB002CCF27 /* InfoPlist.strings */; };
		F32F9750154908CB002CCF27 /* main.m in Sources */ = {isa = PBXBuildFile; fileRef = F32F974F154908CB002CCF27 /* main.m */; };
		F32F9754154908CB002CCF27 /* Credits.rtf in Resources */ = {isa = PBXBuildFile; fileRef = F32F9752154908CB002CCF27 /* Credits.rtf */; };
		F32F9757154908CC002CCF27 /* AppDelegate.m in Sources */ = {isa = PBXBuildFile; fileRef = F32F9756154908CC002CCF27 /* AppDelegate.m */; };
		F32F975D154908CC002CCF27 /* Thor.xcdatamodeld in Sources */ = {isa = PBXBuildFile; fileRef = F32F975B154908CC002CCF27 /* Thor.xcdatamodeld */; };
		F32F9765154908CC002CCF27 /* SenTestingKit.framework in Frameworks */ = {isa = PBXBuildFile; fileRef = F32F9764154908CC002CCF27 /* SenTestingKit.framework */; };
		F32F9766154908CC002CCF27 /* Cocoa.framework in Frameworks */ = {isa = PBXBuildFile; fileRef = F32F9743154908CB002CCF27 /* Cocoa.framework */; };
		F32F976E154908CC002CCF27 /* InfoPlist.strings in Resources */ = {isa = PBXBuildFile; fileRef = F32F976C154908CC002CCF27 /* InfoPlist.strings */; };
		F32F9771154908CC002CCF27 /* ThorTests.m in Sources */ = {isa = PBXBuildFile; fileRef = F32F9770154908CC002CCF27 /* ThorTests.m */; };
/* End PBXBuildFile section */

/* Begin PBXContainerItemProxy section */
		F32F9767154908CC002CCF27 /* PBXContainerItemProxy */ = {
			isa = PBXContainerItemProxy;
			containerPortal = F32F9736154908CB002CCF27 /* Project object */;
			proxyType = 1;
			remoteGlobalIDString = F32F973E154908CB002CCF27;
			remoteInfo = Thor;
		};
/* End PBXContainerItemProxy section */

/* Begin PBXFileReference section */
		417FEFA415ACBFE300E64503 /* ToolbarTabController.h */ = {isa = PBXFileReference; fileEncoding = 4; lastKnownFileType = sourcecode.c.h; name = ToolbarTabController.h; path = Classes/ToolbarTabController.h; sourceTree = "<group>"; };
		417FEFA515ACBFE300E64503 /* ToolbarTabController.m */ = {isa = PBXFileReference; fileEncoding = 4; lastKnownFileType = sourcecode.c.objc; name = ToolbarTabController.m; path = Classes/ToolbarTabController.m; sourceTree = "<group>"; };
		417FEFA915ACC5C000E64503 /* AppsController.h */ = {isa = PBXFileReference; fileEncoding = 4; lastKnownFileType = sourcecode.c.h; name = AppsController.h; path = Classes/AppsController.h; sourceTree = "<group>"; };
		417FEFAA15ACC5C000E64503 /* AppsController.m */ = {isa = PBXFileReference; fileEncoding = 4; lastKnownFileType = sourcecode.c.objc; name = AppsController.m; path = Classes/AppsController.m; sourceTree = "<group>"; };
		417FEFAD15ACC99800E64503 /* CloudsController.h */ = {isa = PBXFileReference; fileEncoding = 4; lastKnownFileType = sourcecode.c.h; name = CloudsController.h; path = Classes/CloudsController.h; sourceTree = "<group>"; };
		417FEFAE15ACC99800E64503 /* CloudsController.m */ = {isa = PBXFileReference; fileEncoding = 4; lastKnownFileType = sourcecode.c.objc; name = CloudsController.m; path = Classes/CloudsController.m; sourceTree = "<group>"; };
		417FEFB015ACD93F00E64503 /* BreadcrumbController.h */ = {isa = PBXFileReference; fileEncoding = 4; lastKnownFileType = sourcecode.c.h; name = BreadcrumbController.h; path = Classes/BreadcrumbController.h; sourceTree = "<group>"; };
		417FEFB115ACD93F00E64503 /* BreadcrumbController.m */ = {isa = PBXFileReference; fileEncoding = 4; lastKnownFileType = sourcecode.c.objc; name = BreadcrumbController.m; path = Classes/BreadcrumbController.m; sourceTree = "<group>"; };
		417FEFB315AD211800E64503 /* BreadcrumbBar.h */ = {isa = PBXFileReference; fileEncoding = 4; lastKnownFileType = sourcecode.c.h; name = BreadcrumbBar.h; path = Classes/BreadcrumbBar.h; sourceTree = "<group>"; };
		417FEFB415AD211800E64503 /* BreadcrumbBar.m */ = {isa = PBXFileReference; fileEncoding = 4; lastKnownFileType = sourcecode.c.objc; name = BreadcrumbBar.m; path = Classes/BreadcrumbBar.m; sourceTree = "<group>"; };
		4188EB3A15ACB6800064206C /* en */ = {isa = PBXFileReference; lastKnownFileType = file.xib; name = en; path = en.lproj/MainMenu.xib; sourceTree = "<group>"; };
		41F9028D15AF257000550870 /* AppsView.h */ = {isa = PBXFileReference; fileEncoding = 4; lastKnownFileType = sourcecode.c.h; name = AppsView.h; path = Classes/AppsView.h; sourceTree = "<group>"; };
		41F9028E15AF257000550870 /* AppsView.m */ = {isa = PBXFileReference; fileEncoding = 4; lastKnownFileType = sourcecode.c.objc; name = AppsView.m; path = Classes/AppsView.m; sourceTree = "<group>"; };
		F32F973F154908CB002CCF27 /* Thor.app */ = {isa = PBXFileReference; explicitFileType = wrapper.application; includeInIndex = 0; path = Thor.app; sourceTree = BUILT_PRODUCTS_DIR; };
		F32F9743154908CB002CCF27 /* Cocoa.framework */ = {isa = PBXFileReference; lastKnownFileType = wrapper.framework; name = Cocoa.framework; path = System/Library/Frameworks/Cocoa.framework; sourceTree = SDKROOT; };
		F32F9746154908CB002CCF27 /* AppKit.framework */ = {isa = PBXFileReference; lastKnownFileType = wrapper.framework; name = AppKit.framework; path = System/Library/Frameworks/AppKit.framework; sourceTree = SDKROOT; };
		F32F9747154908CB002CCF27 /* CoreData.framework */ = {isa = PBXFileReference; lastKnownFileType = wrapper.framework; name = CoreData.framework; path = System/Library/Frameworks/CoreData.framework; sourceTree = SDKROOT; };
		F32F9748154908CB002CCF27 /* Foundation.framework */ = {isa = PBXFileReference; lastKnownFileType = wrapper.framework; name = Foundation.framework; path = System/Library/Frameworks/Foundation.framework; sourceTree = SDKROOT; };
		F32F974B154908CB002CCF27 /* Thor-Info.plist */ = {isa = PBXFileReference; lastKnownFileType = text.plist.xml; path = "Thor-Info.plist"; sourceTree = "<group>"; };
		F32F974D154908CB002CCF27 /* en */ = {isa = PBXFileReference; lastKnownFileType = text.plist.strings; name = en; path = en.lproj/InfoPlist.strings; sourceTree = "<group>"; };
		F32F974F154908CB002CCF27 /* main.m */ = {isa = PBXFileReference; lastKnownFileType = sourcecode.c.objc; path = main.m; sourceTree = "<group>"; };
		F32F9751154908CB002CCF27 /* Thor-Prefix.pch */ = {isa = PBXFileReference; lastKnownFileType = sourcecode.c.h; path = "Thor-Prefix.pch"; sourceTree = "<group>"; };
		F32F9753154908CB002CCF27 /* en */ = {isa = PBXFileReference; lastKnownFileType = text.rtf; name = en; path = en.lproj/Credits.rtf; sourceTree = "<group>"; };
		F32F9755154908CB002CCF27 /* AppDelegate.h */ = {isa = PBXFileReference; lastKnownFileType = sourcecode.c.h; path = AppDelegate.h; sourceTree = "<group>"; };
		F32F9756154908CC002CCF27 /* AppDelegate.m */ = {isa = PBXFileReference; lastKnownFileType = sourcecode.c.objc; path = AppDelegate.m; sourceTree = "<group>"; };
		F32F975C154908CC002CCF27 /* Thor.xcdatamodel */ = {isa = PBXFileReference; lastKnownFileType = wrapper.xcdatamodel; path = Thor.xcdatamodel; sourceTree = "<group>"; };
		F32F9763154908CC002CCF27 /* ThorTests.octest */ = {isa = PBXFileReference; explicitFileType = wrapper.cfbundle; includeInIndex = 0; path = ThorTests.octest; sourceTree = BUILT_PRODUCTS_DIR; };
		F32F9764154908CC002CCF27 /* SenTestingKit.framework */ = {isa = PBXFileReference; lastKnownFileType = wrapper.framework; name = SenTestingKit.framework; path = Library/Frameworks/SenTestingKit.framework; sourceTree = DEVELOPER_DIR; };
		F32F976B154908CC002CCF27 /* ThorTests-Info.plist */ = {isa = PBXFileReference; lastKnownFileType = text.plist.xml; path = "ThorTests-Info.plist"; sourceTree = "<group>"; };
		F32F976D154908CC002CCF27 /* en */ = {isa = PBXFileReference; lastKnownFileType = text.plist.strings; name = en; path = en.lproj/InfoPlist.strings; sourceTree = "<group>"; };
		F32F976F154908CC002CCF27 /* ThorTests.h */ = {isa = PBXFileReference; lastKnownFileType = sourcecode.c.h; path = ThorTests.h; sourceTree = "<group>"; };
		F32F9770154908CC002CCF27 /* ThorTests.m */ = {isa = PBXFileReference; lastKnownFileType = sourcecode.c.objc; path = ThorTests.m; sourceTree = "<group>"; };
/* End PBXFileReference section */

/* Begin PBXFrameworksBuildPhase section */
		F32F973C154908CB002CCF27 /* Frameworks */ = {
			isa = PBXFrameworksBuildPhase;
			buildActionMask = 2147483647;
			files = (
				F32F9744154908CB002CCF27 /* Cocoa.framework in Frameworks */,
			);
			runOnlyForDeploymentPostprocessing = 0;
		};
		F32F975F154908CC002CCF27 /* Frameworks */ = {
			isa = PBXFrameworksBuildPhase;
			buildActionMask = 2147483647;
			files = (
				F32F9765154908CC002CCF27 /* SenTestingKit.framework in Frameworks */,
				F32F9766154908CC002CCF27 /* Cocoa.framework in Frameworks */,
			);
			runOnlyForDeploymentPostprocessing = 0;
		};
/* End PBXFrameworksBuildPhase section */

/* Begin PBXGroup section */
		412DA0F915AB86EF00087F6B /* Navigation Controllers */ = {
			isa = PBXGroup;
			children = (
				417FEFA415ACBFE300E64503 /* ToolbarTabController.h */,
				417FEFA515ACBFE300E64503 /* ToolbarTabController.m */,
				417FEFB015ACD93F00E64503 /* BreadcrumbController.h */,
				417FEFB115ACD93F00E64503 /* BreadcrumbController.m */,
				417FEFB315AD211800E64503 /* BreadcrumbBar.h */,
				417FEFB415AD211800E64503 /* BreadcrumbBar.m */,
			);
			name = "Navigation Controllers";
			sourceTree = "<group>";
		};
		417FEFA815ACC59800E64503 /* Apps */ = {
			isa = PBXGroup;
			children = (
				417FEFA915ACC5C000E64503 /* AppsController.h */,
				417FEFAA15ACC5C000E64503 /* AppsController.m */,
				41F9028D15AF257000550870 /* AppsView.h */,
				41F9028E15AF257000550870 /* AppsView.m */,
			);
			name = Apps;
			sourceTree = "<group>";
		};
		417FEFAC15ACC96600E64503 /* Clouds */ = {
			isa = PBXGroup;
			children = (
				417FEFAD15ACC99800E64503 /* CloudsController.h */,
				417FEFAE15ACC99800E64503 /* CloudsController.m */,
			);
			name = Clouds;
			sourceTree = "<group>";
		};
		41F9029115AF25FB00550870 /* Models */ = {
			isa = PBXGroup;
			children = (
			);
			name = Models;
			sourceTree = "<group>";
		};
		F32F9734154908CB002CCF27 = {
			isa = PBXGroup;
			children = (
				F32F9749154908CB002CCF27 /* Thor */,
				F32F9769154908CC002CCF27 /* ThorTests */,
				F32F9742154908CB002CCF27 /* Frameworks */,
				F32F9740154908CB002CCF27 /* Products */,
			);
			sourceTree = "<group>";
		};
		F32F9740154908CB002CCF27 /* Products */ = {
			isa = PBXGroup;
			children = (
				F32F973F154908CB002CCF27 /* Thor.app */,
				F32F9763154908CC002CCF27 /* ThorTests.octest */,
			);
			name = Products;
			sourceTree = "<group>";
		};
		F32F9742154908CB002CCF27 /* Frameworks */ = {
			isa = PBXGroup;
			children = (
				F32F9743154908CB002CCF27 /* Cocoa.framework */,
				F32F9764154908CC002CCF27 /* SenTestingKit.framework */,
				F32F9745154908CB002CCF27 /* Other Frameworks */,
			);
			name = Frameworks;
			sourceTree = "<group>";
		};
		F32F9745154908CB002CCF27 /* Other Frameworks */ = {
			isa = PBXGroup;
			children = (
				F32F9746154908CB002CCF27 /* AppKit.framework */,
				F32F9747154908CB002CCF27 /* CoreData.framework */,
				F32F9748154908CB002CCF27 /* Foundation.framework */,
			);
			name = "Other Frameworks";
			sourceTree = "<group>";
		};
		F32F9749154908CB002CCF27 /* Thor */ = {
			isa = PBXGroup;
			children = (
				41F9029115AF25FB00550870 /* Models */,
				417FEFAC15ACC96600E64503 /* Clouds */,
				417FEFA815ACC59800E64503 /* Apps */,
				412DA0F915AB86EF00087F6B /* Navigation Controllers */,
				F32F9755154908CB002CCF27 /* AppDelegate.h */,
				F32F9756154908CC002CCF27 /* AppDelegate.m */,
				F32F975B154908CC002CCF27 /* Thor.xcdatamodeld */,
				F32F974A154908CB002CCF27 /* Supporting Files */,
			);
			path = Thor;
			sourceTree = "<group>";
		};
		F32F974A154908CB002CCF27 /* Supporting Files */ = {
			isa = PBXGroup;
			children = (
				4188EB3915ACB6800064206C /* MainMenu.xib */,
				F32F974B154908CB002CCF27 /* Thor-Info.plist */,
				F32F974C154908CB002CCF27 /* InfoPlist.strings */,
				F32F974F154908CB002CCF27 /* main.m */,
				F32F9751154908CB002CCF27 /* Thor-Prefix.pch */,
				F32F9752154908CB002CCF27 /* Credits.rtf */,
			);
			name = "Supporting Files";
			sourceTree = "<group>";
		};
		F32F9769154908CC002CCF27 /* ThorTests */ = {
			isa = PBXGroup;
			children = (
				F32F976F154908CC002CCF27 /* ThorTests.h */,
				F32F9770154908CC002CCF27 /* ThorTests.m */,
				F32F976A154908CC002CCF27 /* Supporting Files */,
			);
			path = ThorTests;
			sourceTree = "<group>";
		};
		F32F976A154908CC002CCF27 /* Supporting Files */ = {
			isa = PBXGroup;
			children = (
				F32F976B154908CC002CCF27 /* ThorTests-Info.plist */,
				F32F976C154908CC002CCF27 /* InfoPlist.strings */,
			);
			name = "Supporting Files";
			sourceTree = "<group>";
		};
/* End PBXGroup section */

/* Begin PBXNativeTarget section */
		F32F973E154908CB002CCF27 /* Thor */ = {
			isa = PBXNativeTarget;
			buildConfigurationList = F32F9774154908CC002CCF27 /* Build configuration list for PBXNativeTarget "Thor" */;
			buildPhases = (
				F32F973B154908CB002CCF27 /* Sources */,
				F32F973C154908CB002CCF27 /* Frameworks */,
				F32F973D154908CB002CCF27 /* Resources */,
			);
			buildRules = (
			);
			dependencies = (
			);
			name = Thor;
			productName = Thor;
			productReference = F32F973F154908CB002CCF27 /* Thor.app */;
			productType = "com.apple.product-type.application";
		};
		F32F9762154908CC002CCF27 /* ThorTests */ = {
			isa = PBXNativeTarget;
			buildConfigurationList = F32F9777154908CC002CCF27 /* Build configuration list for PBXNativeTarget "ThorTests" */;
			buildPhases = (
				F32F975E154908CC002CCF27 /* Sources */,
				F32F975F154908CC002CCF27 /* Frameworks */,
				F32F9760154908CC002CCF27 /* Resources */,
				F32F9761154908CC002CCF27 /* ShellScript */,
			);
			buildRules = (
			);
			dependencies = (
				F32F9768154908CC002CCF27 /* PBXTargetDependency */,
			);
			name = ThorTests;
			productName = ThorTests;
			productReference = F32F9763154908CC002CCF27 /* ThorTests.octest */;
			productType = "com.apple.product-type.bundle";
		};
/* End PBXNativeTarget section */

/* Begin PBXProject section */
		F32F9736154908CB002CCF27 /* Project object */ = {
			isa = PBXProject;
			attributes = {
				CLASSPREFIX = t3oss;
				LastUpgradeCheck = 0430;
				ORGANIZATIONNAME = "Three Step Solutions";
			};
			buildConfigurationList = F32F9739154908CB002CCF27 /* Build configuration list for PBXProject "Thor" */;
			compatibilityVersion = "Xcode 3.2";
			developmentRegion = English;
			hasScannedForEncodings = 0;
			knownRegions = (
				en,
			);
			mainGroup = F32F9734154908CB002CCF27;
			productRefGroup = F32F9740154908CB002CCF27 /* Products */;
			projectDirPath = "";
			projectRoot = "";
			targets = (
				F32F973E154908CB002CCF27 /* Thor */,
				F32F9762154908CC002CCF27 /* ThorTests */,
			);
		};
/* End PBXProject section */

/* Begin PBXResourcesBuildPhase section */
		F32F973D154908CB002CCF27 /* Resources */ = {
			isa = PBXResourcesBuildPhase;
			buildActionMask = 2147483647;
			files = (
				F32F974E154908CB002CCF27 /* InfoPlist.strings in Resources */,
				F32F9754154908CB002CCF27 /* Credits.rtf in Resources */,
				4188EB3B15ACB6800064206C /* MainMenu.xib in Resources */,
			);
			runOnlyForDeploymentPostprocessing = 0;
		};
		F32F9760154908CC002CCF27 /* Resources */ = {
			isa = PBXResourcesBuildPhase;
			buildActionMask = 2147483647;
			files = (
				F32F976E154908CC002CCF27 /* InfoPlist.strings in Resources */,
			);
			runOnlyForDeploymentPostprocessing = 0;
		};
/* End PBXResourcesBuildPhase section */

/* Begin PBXShellScriptBuildPhase section */
		F32F9761154908CC002CCF27 /* ShellScript */ = {
			isa = PBXShellScriptBuildPhase;
			buildActionMask = 2147483647;
			files = (
			);
			inputPaths = (
			);
			outputPaths = (
			);
			runOnlyForDeploymentPostprocessing = 0;
			shellPath = /bin/sh;
			shellScript = "# Run the unit tests in this test bundle.\n\"${SYSTEM_DEVELOPER_DIR}/Tools/RunUnitTests\"\n";
		};
/* End PBXShellScriptBuildPhase section */

/* Begin PBXSourcesBuildPhase section */
		F32F973B154908CB002CCF27 /* Sources */ = {
			isa = PBXSourcesBuildPhase;
			buildActionMask = 2147483647;
			files = (
				F32F9750154908CB002CCF27 /* main.m in Sources */,
				F32F9757154908CC002CCF27 /* AppDelegate.m in Sources */,
				F32F975D154908CC002CCF27 /* Thor.xcdatamodeld in Sources */,
				417FEFA615ACBFE300E64503 /* ToolbarTabController.m in Sources */,
				417FEFAB15ACC5C000E64503 /* AppsController.m in Sources */,
				417FEFAF15ACC99800E64503 /* CloudsController.m in Sources */,
				417FEFB215ACD93F00E64503 /* BreadcrumbController.m in Sources */,
				417FEFB515AD211800E64503 /* BreadcrumbBar.m in Sources */,
				41F9028F15AF257000550870 /* AppsView.m in Sources */,
			);
			runOnlyForDeploymentPostprocessing = 0;
		};
		F32F975E154908CC002CCF27 /* Sources */ = {
			isa = PBXSourcesBuildPhase;
			buildActionMask = 2147483647;
			files = (
				F32F9771154908CC002CCF27 /* ThorTests.m in Sources */,
			);
			runOnlyForDeploymentPostprocessing = 0;
		};
/* End PBXSourcesBuildPhase section */

/* Begin PBXTargetDependency section */
		F32F9768154908CC002CCF27 /* PBXTargetDependency */ = {
			isa = PBXTargetDependency;
			target = F32F973E154908CB002CCF27 /* Thor */;
			targetProxy = F32F9767154908CC002CCF27 /* PBXContainerItemProxy */;
		};
/* End PBXTargetDependency section */

/* Begin PBXVariantGroup section */
		4188EB3915ACB6800064206C /* MainMenu.xib */ = {
			isa = PBXVariantGroup;
			children = (
				4188EB3A15ACB6800064206C /* en */,
			);
			name = MainMenu.xib;
			sourceTree = "<group>";
		};
		F32F974C154908CB002CCF27 /* InfoPlist.strings */ = {
			isa = PBXVariantGroup;
			children = (
				F32F974D154908CB002CCF27 /* en */,
			);
			name = InfoPlist.strings;
			sourceTree = "<group>";
		};
		F32F9752154908CB002CCF27 /* Credits.rtf */ = {
			isa = PBXVariantGroup;
			children = (
				F32F9753154908CB002CCF27 /* en */,
			);
			name = Credits.rtf;
			sourceTree = "<group>";
		};
		F32F976C154908CC002CCF27 /* InfoPlist.strings */ = {
			isa = PBXVariantGroup;
			children = (
				F32F976D154908CC002CCF27 /* en */,
			);
			name = InfoPlist.strings;
			sourceTree = "<group>";
		};
/* End PBXVariantGroup section */

/* Begin XCBuildConfiguration section */
		F32F9772154908CC002CCF27 /* Debug */ = {
			isa = XCBuildConfiguration;
			buildSettings = {
				ALWAYS_SEARCH_USER_PATHS = NO;
				ARCHS = "$(ARCHS_STANDARD_64_BIT)";
				CLANG_ENABLE_OBJC_ARC = YES;
				COPY_PHASE_STRIP = NO;
				GCC_C_LANGUAGE_STANDARD = gnu99;
				GCC_DYNAMIC_NO_PIC = NO;
				GCC_ENABLE_OBJC_EXCEPTIONS = YES;
				GCC_OPTIMIZATION_LEVEL = 0;
				GCC_PREPROCESSOR_DEFINITIONS = (
					"DEBUG=1",
					"$(inherited)",
				);
				GCC_SYMBOLS_PRIVATE_EXTERN = NO;
				GCC_VERSION = com.apple.compilers.llvm.clang.1_0;
				GCC_WARN_64_TO_32_BIT_CONVERSION = YES;
				GCC_WARN_ABOUT_RETURN_TYPE = YES;
				GCC_WARN_UNINITIALIZED_AUTOS = YES;
				GCC_WARN_UNUSED_VARIABLE = YES;
				MACOSX_DEPLOYMENT_TARGET = 10.7;
				ONLY_ACTIVE_ARCH = YES;
				SDKROOT = macosx;
			};
			name = Debug;
		};
		F32F9773154908CC002CCF27 /* Release */ = {
			isa = XCBuildConfiguration;
			buildSettings = {
				ALWAYS_SEARCH_USER_PATHS = NO;
				ARCHS = "$(ARCHS_STANDARD_64_BIT)";
				CLANG_ENABLE_OBJC_ARC = YES;
				COPY_PHASE_STRIP = YES;
				DEBUG_INFORMATION_FORMAT = "dwarf-with-dsym";
				GCC_C_LANGUAGE_STANDARD = gnu99;
				GCC_ENABLE_OBJC_EXCEPTIONS = YES;
				GCC_VERSION = com.apple.compilers.llvm.clang.1_0;
				GCC_WARN_64_TO_32_BIT_CONVERSION = YES;
				GCC_WARN_ABOUT_RETURN_TYPE = YES;
				GCC_WARN_UNINITIALIZED_AUTOS = YES;
				GCC_WARN_UNUSED_VARIABLE = YES;
				MACOSX_DEPLOYMENT_TARGET = 10.7;
				SDKROOT = macosx;
			};
			name = Release;
		};
		F32F9775154908CC002CCF27 /* Debug */ = {
			isa = XCBuildConfiguration;
			buildSettings = {
				GCC_PRECOMPILE_PREFIX_HEADER = YES;
				GCC_PREFIX_HEADER = "Thor/Thor-Prefix.pch";
				INFOPLIST_FILE = "Thor/Thor-Info.plist";
				PRODUCT_NAME = "$(TARGET_NAME)";
				WRAPPER_EXTENSION = app;
			};
			name = Debug;
		};
		F32F9776154908CC002CCF27 /* Release */ = {
			isa = XCBuildConfiguration;
			buildSettings = {
				GCC_PRECOMPILE_PREFIX_HEADER = YES;
				GCC_PREFIX_HEADER = "Thor/Thor-Prefix.pch";
				INFOPLIST_FILE = "Thor/Thor-Info.plist";
				PRODUCT_NAME = "$(TARGET_NAME)";
				WRAPPER_EXTENSION = app;
			};
			name = Release;
		};
		F32F9778154908CC002CCF27 /* Debug */ = {
			isa = XCBuildConfiguration;
			buildSettings = {
				BUNDLE_LOADER = "$(BUILT_PRODUCTS_DIR)/Thor.app/Contents/MacOS/Thor";
				FRAMEWORK_SEARCH_PATHS = "$(DEVELOPER_LIBRARY_DIR)/Frameworks";
				GCC_PRECOMPILE_PREFIX_HEADER = YES;
				GCC_PREFIX_HEADER = "Thor/Thor-Prefix.pch";
				INFOPLIST_FILE = "ThorTests/ThorTests-Info.plist";
				PRODUCT_NAME = "$(TARGET_NAME)";
				TEST_HOST = "$(BUNDLE_LOADER)";
				WRAPPER_EXTENSION = octest;
			};
			name = Debug;
		};
		F32F9779154908CC002CCF27 /* Release */ = {
			isa = XCBuildConfiguration;
			buildSettings = {
				BUNDLE_LOADER = "$(BUILT_PRODUCTS_DIR)/Thor.app/Contents/MacOS/Thor";
				FRAMEWORK_SEARCH_PATHS = "$(DEVELOPER_LIBRARY_DIR)/Frameworks";
				GCC_PRECOMPILE_PREFIX_HEADER = YES;
				GCC_PREFIX_HEADER = "Thor/Thor-Prefix.pch";
				INFOPLIST_FILE = "ThorTests/ThorTests-Info.plist";
				PRODUCT_NAME = "$(TARGET_NAME)";
				TEST_HOST = "$(BUNDLE_LOADER)";
				WRAPPER_EXTENSION = octest;
			};
			name = Release;
		};
/* End XCBuildConfiguration section */

/* Begin XCConfigurationList section */
		F32F9739154908CB002CCF27 /* Build configuration list for PBXProject "Thor" */ = {
			isa = XCConfigurationList;
			buildConfigurations = (
				F32F9772154908CC002CCF27 /* Debug */,
				F32F9773154908CC002CCF27 /* Release */,
			);
			defaultConfigurationIsVisible = 0;
			defaultConfigurationName = Release;
		};
		F32F9774154908CC002CCF27 /* Build configuration list for PBXNativeTarget "Thor" */ = {
			isa = XCConfigurationList;
			buildConfigurations = (
				F32F9775154908CC002CCF27 /* Debug */,
				F32F9776154908CC002CCF27 /* Release */,
			);
			defaultConfigurationIsVisible = 0;
			defaultConfigurationName = Release;
		};
		F32F9777154908CC002CCF27 /* Build configuration list for PBXNativeTarget "ThorTests" */ = {
			isa = XCConfigurationList;
			buildConfigurations = (
				F32F9778154908CC002CCF27 /* Debug */,
				F32F9779154908CC002CCF27 /* Release */,
			);
			defaultConfigurationIsVisible = 0;
			defaultConfigurationName = Release;
		};
/* End XCConfigurationList section */

/* Begin XCVersionGroup section */
		F32F975B154908CC002CCF27 /* Thor.xcdatamodeld */ = {
			isa = XCVersionGroup;
			children = (
				F32F975C154908CC002CCF27 /* Thor.xcdatamodel */,
			);
			currentVersion = F32F975C154908CC002CCF27 /* Thor.xcdatamodel */;
			path = Thor.xcdatamodeld;
			sourceTree = "<group>";
			versionGroupType = wrapper.xcdatamodel;
		};
/* End XCVersionGroup section */
	};
	rootObject = F32F9736154908CB002CCF27 /* Project object */;
}
