// !$*UTF8*$!
{
	archiveVersion = 1;
	classes = {
	};
	objectVersion = 46;
	objects = {

/* Begin PBXBuildFile section */
		4131290A15B61264005F6D54 /* CoreData.framework in Frameworks */ = {isa = PBXBuildFile; fileRef = 4131290915B61264005F6D54 /* CoreData.framework */; };
		4135C59215DDA75B008BA6E2 /* ReactiveCocoa.framework in Frameworks */ = {isa = PBXBuildFile; fileRef = 41C59C0E15CAFD8300123ABF /* ReactiveCocoa.framework */; };
		4135F59915D33BEE0054D961 /* AppIcon.png in Resources */ = {isa = PBXBuildFile; fileRef = 4135F59415D33BEE0054D961 /* AppIcon.png */; };
		4135F59A15D33BEE0054D961 /* AppIconSelected.png in Resources */ = {isa = PBXBuildFile; fileRef = 4135F59515D33BEE0054D961 /* AppIconSelected.png */; };
		4135F59B15D33BEE0054D961 /* BreadcrumbArrow.png in Resources */ = {isa = PBXBuildFile; fileRef = 4135F59615D33BEE0054D961 /* BreadcrumbArrow.png */; };
		4135F59C15D33BEE0054D961 /* CloudIcon.png in Resources */ = {isa = PBXBuildFile; fileRef = 4135F59715D33BEE0054D961 /* CloudIcon.png */; };
		4135F59D15D33BEE0054D961 /* CloudIconSelected.png in Resources */ = {isa = PBXBuildFile; fileRef = 4135F59815D33BEE0054D961 /* CloudIconSelected.png */; };
		4135F5A215D34D520054D961 /* CollectionItemView.m in Sources */ = {isa = PBXBuildFile; fileRef = 4135F5A115D34D520054D961 /* CollectionItemView.m */; };
		413912F315E5D0A900DB464E /* CloudService.h in Headers */ = {isa = PBXBuildFile; fileRef = 413912F115E5D0A900DB464E /* CloudService.h */; };
		413912F415E5D0A900DB464E /* CloudService.m in Sources */ = {isa = PBXBuildFile; fileRef = 413912F215E5D0A900DB464E /* CloudService.m */; };
		413912F815E5D98800DB464E /* ServicesController.m in Sources */ = {isa = PBXBuildFile; fileRef = 413912F715E5D98800DB464E /* ServicesController.m */; };
		413912FA15E5DA1E00DB464E /* ServicesView.xib in Resources */ = {isa = PBXBuildFile; fileRef = 413912F915E5DA1E00DB464E /* ServicesView.xib */; };
		413912FC15E5DA5A00DB464E /* ServicesToolbarIcon.png in Resources */ = {isa = PBXBuildFile; fileRef = 413912FB15E5DA5A00DB464E /* ServicesToolbarIcon.png */; };
		414779E815C0B1C000B733EF /* CollectionViewBackground.png in Resources */ = {isa = PBXBuildFile; fileRef = 414779E715C0B1C000B733EF /* CollectionViewBackground.png */; };
		414E185215C0B55F007C9508 /* CollectionView.m in Sources */ = {isa = PBXBuildFile; fileRef = 414E185115C0B55F007C9508 /* CollectionView.m */; };
		414E185515C0BF63007C9508 /* TargetController.m in Sources */ = {isa = PBXBuildFile; fileRef = 414E185415C0BF63007C9508 /* TargetController.m */; };
		414E185A15C1BC0E007C9508 /* GridView.m in Sources */ = {isa = PBXBuildFile; fileRef = 414E185915C1BC0E007C9508 /* GridView.m */; };
		414E185D15C226DF007C9508 /* Sequence.h in Headers */ = {isa = PBXBuildFile; fileRef = 414E185B15C226DF007C9508 /* Sequence.h */; };
		414E185E15C226DF007C9508 /* Sequence.m in Sources */ = {isa = PBXBuildFile; fileRef = 414E185C15C226DF007C9508 /* Sequence.m */; };
		4165678D15D5B74200EF93DF /* AppToolbarIcon.png in Resources */ = {isa = PBXBuildFile; fileRef = 4165678B15D5B74200EF93DF /* AppToolbarIcon.png */; };
		4165678E15D5B74200EF93DF /* CloudToolbarIcon.png in Resources */ = {isa = PBXBuildFile; fileRef = 4165678C15D5B74200EF93DF /* CloudToolbarIcon.png */; };
		4165679115D5DE2000EF93DF /* NSString+ShadowedTextDrawing.m in Sources */ = {isa = PBXBuildFile; fileRef = 4165679015D5DE2000EF93DF /* NSString+ShadowedTextDrawing.m */; };
		4165679415D9D75100EF93DF /* Box.m in Sources */ = {isa = PBXBuildFile; fileRef = 4165679315D9D75100EF93DF /* Box.m */; };
		416567A715DAE3B100EF93DF /* SBJson.framework in Frameworks */ = {isa = PBXBuildFile; fileRef = 416567A015DAE39200EF93DF /* SBJson.framework */; };
		416567AC15DAE46D00EF93DF /* SMWebRequest.h in Headers */ = {isa = PBXBuildFile; fileRef = 416567AA15DAE46D00EF93DF /* SMWebRequest.h */; };
		416567AD15DAE46D00EF93DF /* SMWebRequest.m in Sources */ = {isa = PBXBuildFile; fileRef = 416567AB15DAE46D00EF93DF /* SMWebRequest.m */; settings = {COMPILER_FLAGS = "-fno-objc-arc"; }; };
		416567B015DAE56D00EF93DF /* SMWebRequest+RAC.h in Headers */ = {isa = PBXBuildFile; fileRef = 416567AE15DAE56D00EF93DF /* SMWebRequest+RAC.h */; };
		416567B115DAE56D00EF93DF /* SMWebRequest+RAC.m in Sources */ = {isa = PBXBuildFile; fileRef = 416567AF15DAE56D00EF93DF /* SMWebRequest+RAC.m */; settings = {COMPILER_FLAGS = "-fno-objc-arc"; }; };
		417FEFA615ACBFE300E64503 /* ToolbarTabController.m in Sources */ = {isa = PBXBuildFile; fileRef = 417FEFA515ACBFE300E64503 /* ToolbarTabController.m */; };
		417FEFB215ACD93F00E64503 /* BreadcrumbController.m in Sources */ = {isa = PBXBuildFile; fileRef = 417FEFB115ACD93F00E64503 /* BreadcrumbController.m */; };
		417FEFB515AD211800E64503 /* BreadcrumbBar.m in Sources */ = {isa = PBXBuildFile; fileRef = 417FEFB415AD211800E64503 /* BreadcrumbBar.m */; };
		4188EB3B15ACB6800064206C /* MainMenu.xib in Resources */ = {isa = PBXBuildFile; fileRef = 4188EB3915ACB6800064206C /* MainMenu.xib */; };
		418BF29115BF16CF00E313C7 /* ItemsController.m in Sources */ = {isa = PBXBuildFile; fileRef = 418BF29015BF16CE00E313C7 /* ItemsController.m */; };
		418BF29915BF43B700E313C7 /* ItemsView.m in Sources */ = {isa = PBXBuildFile; fileRef = 418BF29815BF43B600E313C7 /* ItemsView.m */; };
		41B20A0D15E6E1C700E7ED8B /* BreadcrumbArrowSelected.png in Resources */ = {isa = PBXBuildFile; fileRef = 41B20A0C15E6E1C700E7ED8B /* BreadcrumbArrowSelected.png */; };
		41B20A3115E860A200E7ED8B /* NSObject+JSONDataRepresentation.h in Headers */ = {isa = PBXBuildFile; fileRef = 41B20A2F15E860A200E7ED8B /* NSObject+JSONDataRepresentation.h */; };
		41B20A3215E860A200E7ED8B /* NSObject+JSONDataRepresentation.m in Sources */ = {isa = PBXBuildFile; fileRef = 41B20A3015E860A200E7ED8B /* NSObject+JSONDataRepresentation.m */; };
		41B20A3315E860C900E7ED8B /* SBJson.framework in Frameworks */ = {isa = PBXBuildFile; fileRef = 416567A015DAE39200EF93DF /* SBJson.framework */; };
		41B9233115D07A280004D167 /* AppItemsDataSource.m in Sources */ = {isa = PBXBuildFile; fileRef = 41B9233015D07A280004D167 /* AppItemsDataSource.m */; };
		41B9233715D085480004D167 /* AppPropertiesView.m in Sources */ = {isa = PBXBuildFile; fileRef = 41B9233615D085480004D167 /* AppPropertiesView.m */; };
		41B9233A15D085880004D167 /* AppPropertiesController.m in Sources */ = {isa = PBXBuildFile; fileRef = 41B9233915D085870004D167 /* AppPropertiesController.m */; };
		41B9238115D18E600004D167 /* AppController.m in Sources */ = {isa = PBXBuildFile; fileRef = 41B9238015D18E600004D167 /* AppController.m */; };
		41B9238415D190A00004D167 /* AppView.m in Sources */ = {isa = PBXBuildFile; fileRef = 41B9238315D1909F0004D167 /* AppView.m */; };
		41C59C1415CAFE4C00123ABF /* ReactiveCocoa.framework in Frameworks */ = {isa = PBXBuildFile; fileRef = 41C59C0E15CAFD8300123ABF /* ReactiveCocoa.framework */; };
		41C59C2015CB057400123ABF /* NSObject+AssociateDisposable.m in Sources */ = {isa = PBXBuildFile; fileRef = 41C59C1F15CB057400123ABF /* NSObject+AssociateDisposable.m */; };
		41C7FE6A15B77C8F006B3468 /* libThorCore.a in Frameworks */ = {isa = PBXBuildFile; fileRef = 41F9029915AF592A00550870 /* libThorCore.a */; };
		41C7FE6D15B89281006B3468 /* BottomBar.m in Sources */ = {isa = PBXBuildFile; fileRef = 41C7FE6C15B89281006B3468 /* BottomBar.m */; };
		41C7FE7115B8BCF7006B3468 /* TargetPropertiesController.m in Sources */ = {isa = PBXBuildFile; fileRef = 41C7FE7015B8BCF7006B3468 /* TargetPropertiesController.m */; };
		41C7FE7415B8BF89006B3468 /* TargetPropertiesView.m in Sources */ = {isa = PBXBuildFile; fileRef = 41C7FE7315B8BF89006B3468 /* TargetPropertiesView.m */; };
		41D286CD15C879D800206E3A /* TargetView.m in Sources */ = {isa = PBXBuildFile; fileRef = 41D286CC15C879D800206E3A /* TargetView.m */; };
		41D286D115C87B9200206E3A /* SheetWindow.m in Sources */ = {isa = PBXBuildFile; fileRef = 41D286D015C87B9200206E3A /* SheetWindow.m */; };
		41F9029B15AF592A00550870 /* Foundation.framework in Frameworks */ = {isa = PBXBuildFile; fileRef = 41F9029A15AF592A00550870 /* Foundation.framework */; };
		41F902A115AF592A00550870 /* ThorBackend.m in Sources */ = {isa = PBXBuildFile; fileRef = 41F902A015AF592A00550870 /* ThorBackend.m */; };
		41F902A815AF592A00550870 /* SenTestingKit.framework in Frameworks */ = {isa = PBXBuildFile; fileRef = F32F9764154908CC002CCF27 /* SenTestingKit.framework */; };
		41F902AB15AF592A00550870 /* Foundation.framework in Frameworks */ = {isa = PBXBuildFile; fileRef = 41F9029A15AF592A00550870 /* Foundation.framework */; };
		41F902AE15AF592A00550870 /* libThorCore.a in Frameworks */ = {isa = PBXBuildFile; fileRef = 41F9029915AF592A00550870 /* libThorCore.a */; };
		41F902B415AF592A00550870 /* InfoPlist.strings in Resources */ = {isa = PBXBuildFile; fileRef = 41F902B215AF592A00550870 /* InfoPlist.strings */; };
		41F902B715AF592A00550870 /* ThorBackendTests.m in Sources */ = {isa = PBXBuildFile; fileRef = 41F902B615AF592A00550870 /* ThorBackendTests.m */; };
		41FA11BD15E431BB0079FD30 /* DeploymentController.m in Sources */ = {isa = PBXBuildFile; fileRef = 41FA11BC15E431BB0079FD30 /* DeploymentController.m */; };
		41FA11C015E431ED0079FD30 /* DeploymentView.m in Sources */ = {isa = PBXBuildFile; fileRef = 41FA11BF15E431ED0079FD30 /* DeploymentView.m */; };
		41FA11C415E4334D0079FD30 /* DeploymentView.xib in Resources */ = {isa = PBXBuildFile; fileRef = 41FA11C315E4334D0079FD30 /* DeploymentView.xib */; };
		41FA11C715E4335D0079FD30 /* AppDelegate.m in Sources */ = {isa = PBXBuildFile; fileRef = 41FA11C615E4335C0079FD30 /* AppDelegate.m */; };
		41FA11C915E4337A0079FD30 /* TargetCollectionItemView.xib in Resources */ = {isa = PBXBuildFile; fileRef = 41FA11C815E4337A0079FD30 /* TargetCollectionItemView.xib */; };
		41FA11CC15E433900079FD30 /* TargetItemsDataSource.m in Sources */ = {isa = PBXBuildFile; fileRef = 41FA11CB15E433900079FD30 /* TargetItemsDataSource.m */; };
		41FA11CE15E433A90079FD30 /* TargetView.xib in Resources */ = {isa = PBXBuildFile; fileRef = 41FA11CD15E433A90079FD30 /* TargetView.xib */; };
		41FA11D015E433BB0079FD30 /* ItemsView.xib in Resources */ = {isa = PBXBuildFile; fileRef = 41FA11CF15E433BB0079FD30 /* ItemsView.xib */; };
		41FA11D215E433C70079FD30 /* TargetPropertiesView.xib in Resources */ = {isa = PBXBuildFile; fileRef = 41FA11D115E433C70079FD30 /* TargetPropertiesView.xib */; };
		41FA11D415E433D50079FD30 /* AppCollectionItemView.xib in Resources */ = {isa = PBXBuildFile; fileRef = 41FA11D315E433D50079FD30 /* AppCollectionItemView.xib */; };
		41FA11D615E433E00079FD30 /* AppPropertiesView.xib in Resources */ = {isa = PBXBuildFile; fileRef = 41FA11D515E433E00079FD30 /* AppPropertiesView.xib */; };
		41FA11D815E433EB0079FD30 /* AppView.xib in Resources */ = {isa = PBXBuildFile; fileRef = 41FA11D715E433EB0079FD30 /* AppView.xib */; };
		41FA11DB15E436570079FD30 /* BoxGroupView.m in Sources */ = {isa = PBXBuildFile; fileRef = 41FA11DA15E436570079FD30 /* BoxGroupView.m */; };
		F32F9744154908CB002CCF27 /* Cocoa.framework in Frameworks */ = {isa = PBXBuildFile; fileRef = F32F9743154908CB002CCF27 /* Cocoa.framework */; };
		F32F974E154908CB002CCF27 /* InfoPlist.strings in Resources */ = {isa = PBXBuildFile; fileRef = F32F974C154908CB002CCF27 /* InfoPlist.strings */; };
		F32F9750154908CB002CCF27 /* main.m in Sources */ = {isa = PBXBuildFile; fileRef = F32F974F154908CB002CCF27 /* main.m */; };
		F32F9754154908CB002CCF27 /* Credits.rtf in Resources */ = {isa = PBXBuildFile; fileRef = F32F9752154908CB002CCF27 /* Credits.rtf */; };
		F32F975D154908CC002CCF27 /* Thor.xcdatamodeld in Sources */ = {isa = PBXBuildFile; fileRef = F32F975B154908CC002CCF27 /* Thor.xcdatamodeld */; };
		F32F9765154908CC002CCF27 /* SenTestingKit.framework in Frameworks */ = {isa = PBXBuildFile; fileRef = F32F9764154908CC002CCF27 /* SenTestingKit.framework */; };
		F32F9766154908CC002CCF27 /* Cocoa.framework in Frameworks */ = {isa = PBXBuildFile; fileRef = F32F9743154908CB002CCF27 /* Cocoa.framework */; };
		F32F976E154908CC002CCF27 /* InfoPlist.strings in Resources */ = {isa = PBXBuildFile; fileRef = F32F976C154908CC002CCF27 /* InfoPlist.strings */; };
		F32F9771154908CC002CCF27 /* ThorTests.m in Sources */ = {isa = PBXBuildFile; fileRef = F32F9770154908CC002CCF27 /* ThorTests.m */; };
/* End PBXBuildFile section */

/* Begin PBXContainerItemProxy section */
		4165679F15DAE39200EF93DF /* PBXContainerItemProxy */ = {
			isa = PBXContainerItemProxy;
			containerPortal = 4165679515DAE39100EF93DF /* SBJson.xcodeproj */;
			proxyType = 2;
			remoteGlobalIDString = BC12323D1391D5CC00131607;
			remoteInfo = SBJson;
		};
		416567A115DAE39200EF93DF /* PBXContainerItemProxy */ = {
			isa = PBXContainerItemProxy;
			containerPortal = 4165679515DAE39100EF93DF /* SBJson.xcodeproj */;
			proxyType = 2;
			remoteGlobalIDString = BC1232521391D5CC00131607;
			remoteInfo = SBJsonTests;
		};
		416567A315DAE39200EF93DF /* PBXContainerItemProxy */ = {
			isa = PBXContainerItemProxy;
			containerPortal = 4165679515DAE39100EF93DF /* SBJson.xcodeproj */;
			proxyType = 2;
			remoteGlobalIDString = BCC2626913920FC7003D9994;
			remoteInfo = "sbjson-ios";
		};
		416567A515DAE39200EF93DF /* PBXContainerItemProxy */ = {
			isa = PBXContainerItemProxy;
			containerPortal = 4165679515DAE39100EF93DF /* SBJson.xcodeproj */;
			proxyType = 2;
			remoteGlobalIDString = BCC2627313920FC7003D9994;
			remoteInfo = "sbjson-iosTests";
		};
		416567A815DAE3BD00EF93DF /* PBXContainerItemProxy */ = {
			isa = PBXContainerItemProxy;
			containerPortal = 4165679515DAE39100EF93DF /* SBJson.xcodeproj */;
			proxyType = 1;
			remoteGlobalIDString = BC12323C1391D5CC00131607;
			remoteInfo = SBJson;
		};
		41C59C0D15CAFD8300123ABF /* PBXContainerItemProxy */ = {
			isa = PBXContainerItemProxy;
			containerPortal = 41C59C0215CAFD8200123ABF /* ReactiveCocoa.xcodeproj */;
			proxyType = 2;
			remoteGlobalIDString = 88037F8315056328001A5B19;
			remoteInfo = ReactiveCocoa;
		};
		41C59C0F15CAFD8300123ABF /* PBXContainerItemProxy */ = {
			isa = PBXContainerItemProxy;
			containerPortal = 41C59C0215CAFD8200123ABF /* ReactiveCocoa.xcodeproj */;
			proxyType = 2;
			remoteGlobalIDString = 88F440AB153DAC820097B4C3;
			remoteInfo = "ReactiveCocoa-iOS";
		};
		41C59C1115CAFD8300123ABF /* PBXContainerItemProxy */ = {
			isa = PBXContainerItemProxy;
			containerPortal = 41C59C0215CAFD8200123ABF /* ReactiveCocoa.xcodeproj */;
			proxyType = 2;
			remoteGlobalIDString = 88CDF7DC15000FCF00163A9F;
			remoteInfo = ReactiveCocoaTests;
		};
		41C59C1515CB008B00123ABF /* PBXContainerItemProxy */ = {
			isa = PBXContainerItemProxy;
			containerPortal = 41C59C0215CAFD8200123ABF /* ReactiveCocoa.xcodeproj */;
			proxyType = 1;
			remoteGlobalIDString = 88037F8215056328001A5B19;
			remoteInfo = ReactiveCocoa;
		};
		41F902AC15AF592A00550870 /* PBXContainerItemProxy */ = {
			isa = PBXContainerItemProxy;
			containerPortal = F32F9736154908CB002CCF27 /* Project object */;
			proxyType = 1;
			remoteGlobalIDString = 41F9029815AF592A00550870;
			remoteInfo = ThorCore;
		};
		41F902D715B5EFF500550870 /* PBXContainerItemProxy */ = {
			isa = PBXContainerItemProxy;
			containerPortal = F32F9736154908CB002CCF27 /* Project object */;
			proxyType = 1;
			remoteGlobalIDString = 41F9029815AF592A00550870;
			remoteInfo = ThorCore;
		};
		F32F9767154908CC002CCF27 /* PBXContainerItemProxy */ = {
			isa = PBXContainerItemProxy;
			containerPortal = F32F9736154908CB002CCF27 /* Project object */;
			proxyType = 1;
			remoteGlobalIDString = F32F973E154908CB002CCF27;
			remoteInfo = Thor;
		};
/* End PBXContainerItemProxy section */

/* Begin PBXFileReference section */
		4131290915B61264005F6D54 /* CoreData.framework */ = {isa = PBXFileReference; lastKnownFileType = wrapper.framework; name = CoreData.framework; path = /System/Library/Frameworks/CoreData.framework; sourceTree = "<absolute>"; };
		4135F59415D33BEE0054D961 /* AppIcon.png */ = {isa = PBXFileReference; lastKnownFileType = image.png; name = AppIcon.png; path = Resources/AppIcon.png; sourceTree = "<group>"; };
		4135F59515D33BEE0054D961 /* AppIconSelected.png */ = {isa = PBXFileReference; lastKnownFileType = image.png; name = AppIconSelected.png; path = Resources/AppIconSelected.png; sourceTree = "<group>"; };
		4135F59615D33BEE0054D961 /* BreadcrumbArrow.png */ = {isa = PBXFileReference; lastKnownFileType = image.png; name = BreadcrumbArrow.png; path = Resources/BreadcrumbArrow.png; sourceTree = "<group>"; };
		4135F59715D33BEE0054D961 /* CloudIcon.png */ = {isa = PBXFileReference; lastKnownFileType = image.png; name = CloudIcon.png; path = Resources/CloudIcon.png; sourceTree = "<group>"; };
		4135F59815D33BEE0054D961 /* CloudIconSelected.png */ = {isa = PBXFileReference; lastKnownFileType = image.png; name = CloudIconSelected.png; path = Resources/CloudIconSelected.png; sourceTree = "<group>"; };
		4135F5A015D34D520054D961 /* CollectionItemView.h */ = {isa = PBXFileReference; fileEncoding = 4; lastKnownFileType = sourcecode.c.h; name = CollectionItemView.h; path = Classes/CollectionItemView.h; sourceTree = "<group>"; };
		4135F5A115D34D520054D961 /* CollectionItemView.m */ = {isa = PBXFileReference; fileEncoding = 4; lastKnownFileType = sourcecode.c.objc; name = CollectionItemView.m; path = Classes/CollectionItemView.m; sourceTree = "<group>"; };
		413912F115E5D0A900DB464E /* CloudService.h */ = {isa = PBXFileReference; fileEncoding = 4; lastKnownFileType = sourcecode.c.h; path = CloudService.h; sourceTree = "<group>"; };
		413912F215E5D0A900DB464E /* CloudService.m */ = {isa = PBXFileReference; fileEncoding = 4; lastKnownFileType = sourcecode.c.objc; path = CloudService.m; sourceTree = "<group>"; };
		413912F615E5D98800DB464E /* ServicesController.h */ = {isa = PBXFileReference; fileEncoding = 4; lastKnownFileType = sourcecode.c.h; name = ServicesController.h; path = Classes/ServicesController.h; sourceTree = "<group>"; };
		413912F715E5D98800DB464E /* ServicesController.m */ = {isa = PBXFileReference; fileEncoding = 4; lastKnownFileType = sourcecode.c.objc; name = ServicesController.m; path = Classes/ServicesController.m; sourceTree = "<group>"; };
		413912F915E5DA1E00DB464E /* ServicesView.xib */ = {isa = PBXFileReference; fileEncoding = 4; lastKnownFileType = file.xib; name = ServicesView.xib; path = Resources/ServicesView.xib; sourceTree = "<group>"; };
		413912FB15E5DA5A00DB464E /* ServicesToolbarIcon.png */ = {isa = PBXFileReference; lastKnownFileType = image.png; name = ServicesToolbarIcon.png; path = Resources/ServicesToolbarIcon.png; sourceTree = "<group>"; };
		414779E715C0B1C000B733EF /* CollectionViewBackground.png */ = {isa = PBXFileReference; lastKnownFileType = image.png; name = CollectionViewBackground.png; path = Resources/CollectionViewBackground.png; sourceTree = "<group>"; };
		414E185015C0B55F007C9508 /* CollectionView.h */ = {isa = PBXFileReference; fileEncoding = 4; lastKnownFileType = sourcecode.c.h; name = CollectionView.h; path = Classes/CollectionView.h; sourceTree = "<group>"; };
		414E185115C0B55F007C9508 /* CollectionView.m */ = {isa = PBXFileReference; fileEncoding = 4; lastKnownFileType = sourcecode.c.objc; name = CollectionView.m; path = Classes/CollectionView.m; sourceTree = "<group>"; };
		414E185315C0BF63007C9508 /* TargetController.h */ = {isa = PBXFileReference; fileEncoding = 4; lastKnownFileType = sourcecode.c.h; name = TargetController.h; path = Classes/TargetController.h; sourceTree = "<group>"; };
		414E185415C0BF63007C9508 /* TargetController.m */ = {isa = PBXFileReference; fileEncoding = 4; lastKnownFileType = sourcecode.c.objc; name = TargetController.m; path = Classes/TargetController.m; sourceTree = "<group>"; };
		414E185815C1BC0E007C9508 /* GridView.h */ = {isa = PBXFileReference; fileEncoding = 4; lastKnownFileType = sourcecode.c.h; name = GridView.h; path = Classes/GridView.h; sourceTree = "<group>"; };
		414E185915C1BC0E007C9508 /* GridView.m */ = {isa = PBXFileReference; fileEncoding = 4; lastKnownFileType = sourcecode.c.objc; name = GridView.m; path = Classes/GridView.m; sourceTree = "<group>"; };
		414E185B15C226DF007C9508 /* Sequence.h */ = {isa = PBXFileReference; fileEncoding = 4; lastKnownFileType = sourcecode.c.h; path = Sequence.h; sourceTree = "<group>"; };
		414E185C15C226DF007C9508 /* Sequence.m */ = {isa = PBXFileReference; fileEncoding = 4; lastKnownFileType = sourcecode.c.objc; path = Sequence.m; sourceTree = "<group>"; };
		4165678B15D5B74200EF93DF /* AppToolbarIcon.png */ = {isa = PBXFileReference; lastKnownFileType = image.png; name = AppToolbarIcon.png; path = Resources/AppToolbarIcon.png; sourceTree = "<group>"; };
		4165678C15D5B74200EF93DF /* CloudToolbarIcon.png */ = {isa = PBXFileReference; lastKnownFileType = image.png; name = CloudToolbarIcon.png; path = Resources/CloudToolbarIcon.png; sourceTree = "<group>"; };
		4165678F15D5DE2000EF93DF /* NSString+ShadowedTextDrawing.h */ = {isa = PBXFileReference; fileEncoding = 4; lastKnownFileType = sourcecode.c.h; name = "NSString+ShadowedTextDrawing.h"; path = "Classes/NSString+ShadowedTextDrawing.h"; sourceTree = "<group>"; };
		4165679015D5DE2000EF93DF /* NSString+ShadowedTextDrawing.m */ = {isa = PBXFileReference; fileEncoding = 4; lastKnownFileType = sourcecode.c.objc; name = "NSString+ShadowedTextDrawing.m"; path = "Classes/NSString+ShadowedTextDrawing.m"; sourceTree = "<group>"; };
		4165679215D9D75100EF93DF /* Box.h */ = {isa = PBXFileReference; fileEncoding = 4; lastKnownFileType = sourcecode.c.h; name = Box.h; path = Classes/Box.h; sourceTree = "<group>"; };
		4165679315D9D75100EF93DF /* Box.m */ = {isa = PBXFileReference; fileEncoding = 4; lastKnownFileType = sourcecode.c.objc; name = Box.m; path = Classes/Box.m; sourceTree = "<group>"; };
		4165679515DAE39100EF93DF /* SBJson.xcodeproj */ = {isa = PBXFileReference; lastKnownFileType = "wrapper.pb-project"; name = SBJson.xcodeproj; path = "json-framework/SBJson.xcodeproj"; sourceTree = "<group>"; };
		416567AA15DAE46D00EF93DF /* SMWebRequest.h */ = {isa = PBXFileReference; fileEncoding = 4; lastKnownFileType = sourcecode.c.h; name = SMWebRequest.h; path = webrequest/SMWebRequest.h; sourceTree = SOURCE_ROOT; };
		416567AB15DAE46D00EF93DF /* SMWebRequest.m */ = {isa = PBXFileReference; fileEncoding = 4; lastKnownFileType = sourcecode.c.objc; name = SMWebRequest.m; path = webrequest/SMWebRequest.m; sourceTree = SOURCE_ROOT; };
		416567AE15DAE56D00EF93DF /* SMWebRequest+RAC.h */ = {isa = PBXFileReference; fileEncoding = 4; lastKnownFileType = sourcecode.c.h; path = "SMWebRequest+RAC.h"; sourceTree = "<group>"; };
		416567AF15DAE56D00EF93DF /* SMWebRequest+RAC.m */ = {isa = PBXFileReference; fileEncoding = 4; lastKnownFileType = sourcecode.c.objc; path = "SMWebRequest+RAC.m"; sourceTree = "<group>"; };
		417FEFA415ACBFE300E64503 /* ToolbarTabController.h */ = {isa = PBXFileReference; fileEncoding = 4; lastKnownFileType = sourcecode.c.h; name = ToolbarTabController.h; path = Classes/ToolbarTabController.h; sourceTree = "<group>"; };
		417FEFA515ACBFE300E64503 /* ToolbarTabController.m */ = {isa = PBXFileReference; fileEncoding = 4; lastKnownFileType = sourcecode.c.objc; name = ToolbarTabController.m; path = Classes/ToolbarTabController.m; sourceTree = "<group>"; };
		417FEFB015ACD93F00E64503 /* BreadcrumbController.h */ = {isa = PBXFileReference; fileEncoding = 4; lastKnownFileType = sourcecode.c.h; name = BreadcrumbController.h; path = Classes/BreadcrumbController.h; sourceTree = "<group>"; };
		417FEFB115ACD93F00E64503 /* BreadcrumbController.m */ = {isa = PBXFileReference; fileEncoding = 4; lastKnownFileType = sourcecode.c.objc; name = BreadcrumbController.m; path = Classes/BreadcrumbController.m; sourceTree = "<group>"; };
		417FEFB315AD211800E64503 /* BreadcrumbBar.h */ = {isa = PBXFileReference; fileEncoding = 4; lastKnownFileType = sourcecode.c.h; name = BreadcrumbBar.h; path = Classes/BreadcrumbBar.h; sourceTree = "<group>"; };
		417FEFB415AD211800E64503 /* BreadcrumbBar.m */ = {isa = PBXFileReference; fileEncoding = 4; lastKnownFileType = sourcecode.c.objc; name = BreadcrumbBar.m; path = Classes/BreadcrumbBar.m; sourceTree = "<group>"; };
		4188EB3A15ACB6800064206C /* en */ = {isa = PBXFileReference; lastKnownFileType = file.xib; name = en; path = en.lproj/MainMenu.xib; sourceTree = "<group>"; };
		418BF28F15BF16CE00E313C7 /* ItemsController.h */ = {isa = PBXFileReference; fileEncoding = 4; lastKnownFileType = sourcecode.c.h; name = ItemsController.h; path = Classes/ItemsController.h; sourceTree = "<group>"; };
		418BF29015BF16CE00E313C7 /* ItemsController.m */ = {isa = PBXFileReference; fileEncoding = 4; lastKnownFileType = sourcecode.c.objc; name = ItemsController.m; path = Classes/ItemsController.m; sourceTree = "<group>"; };
		418BF29715BF43B600E313C7 /* ItemsView.h */ = {isa = PBXFileReference; fileEncoding = 4; lastKnownFileType = sourcecode.c.h; name = ItemsView.h; path = Classes/ItemsView.h; sourceTree = "<group>"; };
		418BF29815BF43B600E313C7 /* ItemsView.m */ = {isa = PBXFileReference; fileEncoding = 4; lastKnownFileType = sourcecode.c.objc; name = ItemsView.m; path = Classes/ItemsView.m; sourceTree = "<group>"; };
		41B20A0C15E6E1C700E7ED8B /* BreadcrumbArrowSelected.png */ = {isa = PBXFileReference; lastKnownFileType = image.png; name = BreadcrumbArrowSelected.png; path = Resources/BreadcrumbArrowSelected.png; sourceTree = "<group>"; };
		41B20A2F15E860A200E7ED8B /* NSObject+JSONDataRepresentation.h */ = {isa = PBXFileReference; fileEncoding = 4; lastKnownFileType = sourcecode.c.h; path = "NSObject+JSONDataRepresentation.h"; sourceTree = "<group>"; };
		41B20A3015E860A200E7ED8B /* NSObject+JSONDataRepresentation.m */ = {isa = PBXFileReference; fileEncoding = 4; lastKnownFileType = sourcecode.c.objc; path = "NSObject+JSONDataRepresentation.m"; sourceTree = "<group>"; };
		41B9232F15D07A280004D167 /* AppItemsDataSource.h */ = {isa = PBXFileReference; fileEncoding = 4; lastKnownFileType = sourcecode.c.h; name = AppItemsDataSource.h; path = Classes/AppItemsDataSource.h; sourceTree = "<group>"; };
		41B9233015D07A280004D167 /* AppItemsDataSource.m */ = {isa = PBXFileReference; fileEncoding = 4; lastKnownFileType = sourcecode.c.objc; name = AppItemsDataSource.m; path = Classes/AppItemsDataSource.m; sourceTree = "<group>"; };
		41B9233515D085480004D167 /* AppPropertiesView.h */ = {isa = PBXFileReference; fileEncoding = 4; lastKnownFileType = sourcecode.c.h; name = AppPropertiesView.h; path = Classes/AppPropertiesView.h; sourceTree = "<group>"; };
		41B9233615D085480004D167 /* AppPropertiesView.m */ = {isa = PBXFileReference; fileEncoding = 4; lastKnownFileType = sourcecode.c.objc; name = AppPropertiesView.m; path = Classes/AppPropertiesView.m; sourceTree = "<group>"; };
		41B9233815D085870004D167 /* AppPropertiesController.h */ = {isa = PBXFileReference; fileEncoding = 4; lastKnownFileType = sourcecode.c.h; name = AppPropertiesController.h; path = Classes/AppPropertiesController.h; sourceTree = "<group>"; };
		41B9233915D085870004D167 /* AppPropertiesController.m */ = {isa = PBXFileReference; fileEncoding = 4; lastKnownFileType = sourcecode.c.objc; name = AppPropertiesController.m; path = Classes/AppPropertiesController.m; sourceTree = "<group>"; };
		41B9237F15D18E600004D167 /* AppController.h */ = {isa = PBXFileReference; fileEncoding = 4; lastKnownFileType = sourcecode.c.h; name = AppController.h; path = Classes/AppController.h; sourceTree = "<group>"; };
		41B9238015D18E600004D167 /* AppController.m */ = {isa = PBXFileReference; fileEncoding = 4; lastKnownFileType = sourcecode.c.objc; name = AppController.m; path = Classes/AppController.m; sourceTree = "<group>"; };
		41B9238215D1909F0004D167 /* AppView.h */ = {isa = PBXFileReference; fileEncoding = 4; lastKnownFileType = sourcecode.c.h; name = AppView.h; path = Classes/AppView.h; sourceTree = "<group>"; };
		41B9238315D1909F0004D167 /* AppView.m */ = {isa = PBXFileReference; fileEncoding = 4; lastKnownFileType = sourcecode.c.objc; name = AppView.m; path = Classes/AppView.m; sourceTree = "<group>"; };
		41C59C0215CAFD8200123ABF /* ReactiveCocoa.xcodeproj */ = {isa = PBXFileReference; lastKnownFileType = "wrapper.pb-project"; name = ReactiveCocoa.xcodeproj; path = ReactiveCocoa/ReactiveCocoaFramework/ReactiveCocoa.xcodeproj; sourceTree = "<group>"; };
		41C59C1E15CB057400123ABF /* NSObject+AssociateDisposable.h */ = {isa = PBXFileReference; fileEncoding = 4; lastKnownFileType = sourcecode.c.h; name = "NSObject+AssociateDisposable.h"; path = "Classes/NSObject+AssociateDisposable.h"; sourceTree = "<group>"; };
		41C59C1F15CB057400123ABF /* NSObject+AssociateDisposable.m */ = {isa = PBXFileReference; fileEncoding = 4; lastKnownFileType = sourcecode.c.objc; name = "NSObject+AssociateDisposable.m"; path = "Classes/NSObject+AssociateDisposable.m"; sourceTree = "<group>"; };
		41C7FE6915B77B18006B3468 /* ThorCore.h */ = {isa = PBXFileReference; lastKnownFileType = sourcecode.c.h; path = ThorCore.h; sourceTree = "<group>"; };
		41C7FE6B15B89281006B3468 /* BottomBar.h */ = {isa = PBXFileReference; fileEncoding = 4; lastKnownFileType = sourcecode.c.h; name = BottomBar.h; path = Classes/BottomBar.h; sourceTree = "<group>"; };
		41C7FE6C15B89281006B3468 /* BottomBar.m */ = {isa = PBXFileReference; fileEncoding = 4; lastKnownFileType = sourcecode.c.objc; name = BottomBar.m; path = Classes/BottomBar.m; sourceTree = "<group>"; };
		41C7FE6F15B8BCF7006B3468 /* TargetPropertiesController.h */ = {isa = PBXFileReference; fileEncoding = 4; lastKnownFileType = sourcecode.c.h; name = TargetPropertiesController.h; path = Classes/TargetPropertiesController.h; sourceTree = "<group>"; };
		41C7FE7015B8BCF7006B3468 /* TargetPropertiesController.m */ = {isa = PBXFileReference; fileEncoding = 4; lastKnownFileType = sourcecode.c.objc; name = TargetPropertiesController.m; path = Classes/TargetPropertiesController.m; sourceTree = "<group>"; };
		41C7FE7215B8BF89006B3468 /* TargetPropertiesView.h */ = {isa = PBXFileReference; fileEncoding = 4; lastKnownFileType = sourcecode.c.h; name = TargetPropertiesView.h; path = Classes/TargetPropertiesView.h; sourceTree = "<group>"; };
		41C7FE7315B8BF89006B3468 /* TargetPropertiesView.m */ = {isa = PBXFileReference; fileEncoding = 4; lastKnownFileType = sourcecode.c.objc; name = TargetPropertiesView.m; path = Classes/TargetPropertiesView.m; sourceTree = "<group>"; };
		41D286CB15C879D800206E3A /* TargetView.h */ = {isa = PBXFileReference; fileEncoding = 4; lastKnownFileType = sourcecode.c.h; name = TargetView.h; path = Classes/TargetView.h; sourceTree = "<group>"; };
		41D286CC15C879D800206E3A /* TargetView.m */ = {isa = PBXFileReference; fileEncoding = 4; lastKnownFileType = sourcecode.c.objc; name = TargetView.m; path = Classes/TargetView.m; sourceTree = "<group>"; };
		41D286CF15C87B9200206E3A /* SheetWindow.h */ = {isa = PBXFileReference; fileEncoding = 4; lastKnownFileType = sourcecode.c.h; name = SheetWindow.h; path = Classes/SheetWindow.h; sourceTree = "<group>"; };
		41D286D015C87B9200206E3A /* SheetWindow.m */ = {isa = PBXFileReference; fileEncoding = 4; lastKnownFileType = sourcecode.c.objc; name = SheetWindow.m; path = Classes/SheetWindow.m; sourceTree = "<group>"; };
		41F9029915AF592A00550870 /* libThorCore.a */ = {isa = PBXFileReference; explicitFileType = archive.ar; includeInIndex = 0; path = libThorCore.a; sourceTree = BUILT_PRODUCTS_DIR; };
		41F9029A15AF592A00550870 /* Foundation.framework */ = {isa = PBXFileReference; lastKnownFileType = wrapper.framework; name = Foundation.framework; path = System/Library/Frameworks/Foundation.framework; sourceTree = SDKROOT; };
		41F9029E15AF592A00550870 /* ThorCore-Prefix.pch */ = {isa = PBXFileReference; lastKnownFileType = sourcecode.c.h; path = "ThorCore-Prefix.pch"; sourceTree = "<group>"; };
		41F9029F15AF592A00550870 /* ThorBackend.h */ = {isa = PBXFileReference; lastKnownFileType = sourcecode.c.h; path = ThorBackend.h; sourceTree = "<group>"; };
		41F902A015AF592A00550870 /* ThorBackend.m */ = {isa = PBXFileReference; lastKnownFileType = sourcecode.c.objc; path = ThorBackend.m; sourceTree = "<group>"; };
		41F902A715AF592A00550870 /* ThorCoreTests.octest */ = {isa = PBXFileReference; explicitFileType = wrapper.cfbundle; includeInIndex = 0; path = ThorCoreTests.octest; sourceTree = BUILT_PRODUCTS_DIR; };
		41F902B115AF592A00550870 /* ThorCoreTests-Info.plist */ = {isa = PBXFileReference; lastKnownFileType = text.plist.xml; path = "ThorCoreTests-Info.plist"; sourceTree = "<group>"; };
		41F902B315AF592A00550870 /* en */ = {isa = PBXFileReference; lastKnownFileType = text.plist.strings; name = en; path = en.lproj/InfoPlist.strings; sourceTree = "<group>"; };
		41F902B515AF592A00550870 /* ThorBackendTests.h */ = {isa = PBXFileReference; lastKnownFileType = sourcecode.c.h; path = ThorBackendTests.h; sourceTree = "<group>"; };
		41F902B615AF592A00550870 /* ThorBackendTests.m */ = {isa = PBXFileReference; lastKnownFileType = sourcecode.c.objc; path = ThorBackendTests.m; sourceTree = "<group>"; };
		41FA11BB15E431BB0079FD30 /* DeploymentController.h */ = {isa = PBXFileReference; fileEncoding = 4; lastKnownFileType = sourcecode.c.h; name = DeploymentController.h; path = Classes/DeploymentController.h; sourceTree = "<group>"; };
		41FA11BC15E431BB0079FD30 /* DeploymentController.m */ = {isa = PBXFileReference; fileEncoding = 4; lastKnownFileType = sourcecode.c.objc; name = DeploymentController.m; path = Classes/DeploymentController.m; sourceTree = "<group>"; };
		41FA11BE15E431ED0079FD30 /* DeploymentView.h */ = {isa = PBXFileReference; fileEncoding = 4; lastKnownFileType = sourcecode.c.h; name = DeploymentView.h; path = Classes/DeploymentView.h; sourceTree = "<group>"; };
		41FA11BF15E431ED0079FD30 /* DeploymentView.m */ = {isa = PBXFileReference; fileEncoding = 4; lastKnownFileType = sourcecode.c.objc; name = DeploymentView.m; path = Classes/DeploymentView.m; sourceTree = "<group>"; };
		41FA11C315E4334D0079FD30 /* DeploymentView.xib */ = {isa = PBXFileReference; fileEncoding = 4; lastKnownFileType = file.xib; name = DeploymentView.xib; path = Resources/DeploymentView.xib; sourceTree = "<group>"; };
		41FA11C515E4335C0079FD30 /* AppDelegate.h */ = {isa = PBXFileReference; fileEncoding = 4; lastKnownFileType = sourcecode.c.h; name = AppDelegate.h; path = Classes/AppDelegate.h; sourceTree = "<group>"; };
		41FA11C615E4335C0079FD30 /* AppDelegate.m */ = {isa = PBXFileReference; fileEncoding = 4; lastKnownFileType = sourcecode.c.objc; name = AppDelegate.m; path = Classes/AppDelegate.m; sourceTree = "<group>"; };
		41FA11C815E4337A0079FD30 /* TargetCollectionItemView.xib */ = {isa = PBXFileReference; fileEncoding = 4; lastKnownFileType = file.xib; name = TargetCollectionItemView.xib; path = Resources/TargetCollectionItemView.xib; sourceTree = "<group>"; };
		41FA11CA15E433900079FD30 /* TargetItemsDataSource.h */ = {isa = PBXFileReference; fileEncoding = 4; lastKnownFileType = sourcecode.c.h; name = TargetItemsDataSource.h; path = Classes/TargetItemsDataSource.h; sourceTree = "<group>"; };
		41FA11CB15E433900079FD30 /* TargetItemsDataSource.m */ = {isa = PBXFileReference; fileEncoding = 4; lastKnownFileType = sourcecode.c.objc; name = TargetItemsDataSource.m; path = Classes/TargetItemsDataSource.m; sourceTree = "<group>"; };
		41FA11CD15E433A90079FD30 /* TargetView.xib */ = {isa = PBXFileReference; fileEncoding = 4; lastKnownFileType = file.xib; name = TargetView.xib; path = Resources/TargetView.xib; sourceTree = "<group>"; };
		41FA11CF15E433BB0079FD30 /* ItemsView.xib */ = {isa = PBXFileReference; fileEncoding = 4; lastKnownFileType = file.xib; name = ItemsView.xib; path = Resources/ItemsView.xib; sourceTree = "<group>"; };
		41FA11D115E433C70079FD30 /* TargetPropertiesView.xib */ = {isa = PBXFileReference; fileEncoding = 4; lastKnownFileType = file.xib; name = TargetPropertiesView.xib; path = Resources/TargetPropertiesView.xib; sourceTree = "<group>"; };
		41FA11D315E433D50079FD30 /* AppCollectionItemView.xib */ = {isa = PBXFileReference; fileEncoding = 4; lastKnownFileType = file.xib; name = AppCollectionItemView.xib; path = Resources/AppCollectionItemView.xib; sourceTree = "<group>"; };
		41FA11D515E433E00079FD30 /* AppPropertiesView.xib */ = {isa = PBXFileReference; fileEncoding = 4; lastKnownFileType = file.xib; name = AppPropertiesView.xib; path = Resources/AppPropertiesView.xib; sourceTree = "<group>"; };
		41FA11D715E433EB0079FD30 /* AppView.xib */ = {isa = PBXFileReference; fileEncoding = 4; lastKnownFileType = file.xib; name = AppView.xib; path = Resources/AppView.xib; sourceTree = "<group>"; };
		41FA11D915E436560079FD30 /* BoxGroupView.h */ = {isa = PBXFileReference; fileEncoding = 4; lastKnownFileType = sourcecode.c.h; name = BoxGroupView.h; path = Classes/BoxGroupView.h; sourceTree = "<group>"; };
		41FA11DA15E436570079FD30 /* BoxGroupView.m */ = {isa = PBXFileReference; fileEncoding = 4; lastKnownFileType = sourcecode.c.objc; name = BoxGroupView.m; path = Classes/BoxGroupView.m; sourceTree = "<group>"; };
		F32F973F154908CB002CCF27 /* Thor.app */ = {isa = PBXFileReference; explicitFileType = wrapper.application; includeInIndex = 0; path = Thor.app; sourceTree = BUILT_PRODUCTS_DIR; };
		F32F9743154908CB002CCF27 /* Cocoa.framework */ = {isa = PBXFileReference; lastKnownFileType = wrapper.framework; name = Cocoa.framework; path = System/Library/Frameworks/Cocoa.framework; sourceTree = SDKROOT; };
		F32F9746154908CB002CCF27 /* AppKit.framework */ = {isa = PBXFileReference; lastKnownFileType = wrapper.framework; name = AppKit.framework; path = System/Library/Frameworks/AppKit.framework; sourceTree = SDKROOT; };
		F32F974B154908CB002CCF27 /* Thor-Info.plist */ = {isa = PBXFileReference; lastKnownFileType = text.plist.xml; path = "Thor-Info.plist"; sourceTree = "<group>"; };
		F32F974D154908CB002CCF27 /* en */ = {isa = PBXFileReference; lastKnownFileType = text.plist.strings; name = en; path = en.lproj/InfoPlist.strings; sourceTree = "<group>"; };
		F32F974F154908CB002CCF27 /* main.m */ = {isa = PBXFileReference; lastKnownFileType = sourcecode.c.objc; path = main.m; sourceTree = "<group>"; };
		F32F9751154908CB002CCF27 /* Thor-Prefix.pch */ = {isa = PBXFileReference; lastKnownFileType = sourcecode.c.h; path = "Thor-Prefix.pch"; sourceTree = "<group>"; };
		F32F9753154908CB002CCF27 /* en */ = {isa = PBXFileReference; lastKnownFileType = text.rtf; name = en; path = en.lproj/Credits.rtf; sourceTree = "<group>"; };
		F32F975C154908CC002CCF27 /* Thor.xcdatamodel */ = {isa = PBXFileReference; lastKnownFileType = wrapper.xcdatamodel; path = Thor.xcdatamodel; sourceTree = "<group>"; };
		F32F9763154908CC002CCF27 /* ThorTests.octest */ = {isa = PBXFileReference; explicitFileType = wrapper.cfbundle; includeInIndex = 0; path = ThorTests.octest; sourceTree = BUILT_PRODUCTS_DIR; };
		F32F9764154908CC002CCF27 /* SenTestingKit.framework */ = {isa = PBXFileReference; lastKnownFileType = wrapper.framework; name = SenTestingKit.framework; path = Library/Frameworks/SenTestingKit.framework; sourceTree = DEVELOPER_DIR; };
		F32F976B154908CC002CCF27 /* ThorTests-Info.plist */ = {isa = PBXFileReference; lastKnownFileType = text.plist.xml; path = "ThorTests-Info.plist"; sourceTree = "<group>"; };
		F32F976D154908CC002CCF27 /* en */ = {isa = PBXFileReference; lastKnownFileType = text.plist.strings; name = en; path = en.lproj/InfoPlist.strings; sourceTree = "<group>"; };
		F32F976F154908CC002CCF27 /* ThorTests.h */ = {isa = PBXFileReference; lastKnownFileType = sourcecode.c.h; path = ThorTests.h; sourceTree = "<group>"; };
		F32F9770154908CC002CCF27 /* ThorTests.m */ = {isa = PBXFileReference; lastKnownFileType = sourcecode.c.objc; path = ThorTests.m; sourceTree = "<group>"; };
/* End PBXFileReference section */

/* Begin PBXFrameworksBuildPhase section */
		41F9029615AF592A00550870 /* Frameworks */ = {
			isa = PBXFrameworksBuildPhase;
			buildActionMask = 2147483647;
			files = (
				416567A715DAE3B100EF93DF /* SBJson.framework in Frameworks */,
				41F9029B15AF592A00550870 /* Foundation.framework in Frameworks */,
			);
			runOnlyForDeploymentPostprocessing = 0;
		};
		41F902A315AF592A00550870 /* Frameworks */ = {
			isa = PBXFrameworksBuildPhase;
			buildActionMask = 2147483647;
			files = (
				4135C59215DDA75B008BA6E2 /* ReactiveCocoa.framework in Frameworks */,
				4131290A15B61264005F6D54 /* CoreData.framework in Frameworks */,
				41F902A815AF592A00550870 /* SenTestingKit.framework in Frameworks */,
				41F902AB15AF592A00550870 /* Foundation.framework in Frameworks */,
				41F902AE15AF592A00550870 /* libThorCore.a in Frameworks */,
			);
			runOnlyForDeploymentPostprocessing = 0;
		};
		F32F973C154908CB002CCF27 /* Frameworks */ = {
			isa = PBXFrameworksBuildPhase;
			buildActionMask = 2147483647;
			files = (
				41B20A3315E860C900E7ED8B /* SBJson.framework in Frameworks */,
				41C59C1415CAFE4C00123ABF /* ReactiveCocoa.framework in Frameworks */,
				41C7FE6A15B77C8F006B3468 /* libThorCore.a in Frameworks */,
				F32F9744154908CB002CCF27 /* Cocoa.framework in Frameworks */,
			);
			runOnlyForDeploymentPostprocessing = 0;
		};
		F32F975F154908CC002CCF27 /* Frameworks */ = {
			isa = PBXFrameworksBuildPhase;
			buildActionMask = 2147483647;
			files = (
				F32F9765154908CC002CCF27 /* SenTestingKit.framework in Frameworks */,
				F32F9766154908CC002CCF27 /* Cocoa.framework in Frameworks */,
			);
			runOnlyForDeploymentPostprocessing = 0;
		};
/* End PBXFrameworksBuildPhase section */

/* Begin PBXGroup section */
		412DA0F915AB86EF00087F6B /* Navigation Controllers */ = {
			isa = PBXGroup;
			children = (
				417FEFA415ACBFE300E64503 /* ToolbarTabController.h */,
				417FEFA515ACBFE300E64503 /* ToolbarTabController.m */,
				417FEFB015ACD93F00E64503 /* BreadcrumbController.h */,
				417FEFB115ACD93F00E64503 /* BreadcrumbController.m */,
				417FEFB315AD211800E64503 /* BreadcrumbBar.h */,
				417FEFB415AD211800E64503 /* BreadcrumbBar.m */,
				41C7FE6B15B89281006B3468 /* BottomBar.h */,
				41C7FE6C15B89281006B3468 /* BottomBar.m */,
			);
			name = "Navigation Controllers";
			sourceTree = "<group>";
		};
		413912F515E5D94D00DB464E /* Services */ = {
			isa = PBXGroup;
			children = (
				413912F915E5DA1E00DB464E /* ServicesView.xib */,
				413912F615E5D98800DB464E /* ServicesController.h */,
				413912F715E5D98800DB464E /* ServicesController.m */,
			);
			name = Services;
			sourceTree = "<group>";
		};
		414779E515C0865B00B733EF /* Target View */ = {
			isa = PBXGroup;
			children = (
				41FA11CD15E433A90079FD30 /* TargetView.xib */,
				41D286CB15C879D800206E3A /* TargetView.h */,
				41D286CC15C879D800206E3A /* TargetView.m */,
				414E185315C0BF63007C9508 /* TargetController.h */,
				414E185415C0BF63007C9508 /* TargetController.m */,
			);
			name = "Target View";
			sourceTree = "<group>";
		};
		414779E615C0B1AD00B733EF /* Resources */ = {
			isa = PBXGroup;
			children = (
				413912FB15E5DA5A00DB464E /* ServicesToolbarIcon.png */,
				4135F59415D33BEE0054D961 /* AppIcon.png */,
				4135F59515D33BEE0054D961 /* AppIconSelected.png */,
				4165678B15D5B74200EF93DF /* AppToolbarIcon.png */,
				4135F59615D33BEE0054D961 /* BreadcrumbArrow.png */,
				41B20A0C15E6E1C700E7ED8B /* BreadcrumbArrowSelected.png */,
				4135F59715D33BEE0054D961 /* CloudIcon.png */,
				4135F59815D33BEE0054D961 /* CloudIconSelected.png */,
				414779E715C0B1C000B733EF /* CollectionViewBackground.png */,
				4165678C15D5B74200EF93DF /* CloudToolbarIcon.png */,
			);
			name = Resources;
			sourceTree = "<group>";
		};
		414E184E15C0B4F1007C9508 /* Custom Views */ = {
			isa = PBXGroup;
			children = (
				41B9232B15D076600004D167 /* Items View */,
				414E185015C0B55F007C9508 /* CollectionView.h */,
				414E185115C0B55F007C9508 /* CollectionView.m */,
				414E185815C1BC0E007C9508 /* GridView.h */,
				414E185915C1BC0E007C9508 /* GridView.m */,
				41D286CF15C87B9200206E3A /* SheetWindow.h */,
				41D286D015C87B9200206E3A /* SheetWindow.m */,
				4165678F15D5DE2000EF93DF /* NSString+ShadowedTextDrawing.h */,
				4165679015D5DE2000EF93DF /* NSString+ShadowedTextDrawing.m */,
				4165679215D9D75100EF93DF /* Box.h */,
				4165679315D9D75100EF93DF /* Box.m */,
				41FA11D915E436560079FD30 /* BoxGroupView.h */,
				41FA11DA15E436570079FD30 /* BoxGroupView.m */,
			);
			name = "Custom Views";
			sourceTree = "<group>";
		};
		4165679615DAE39100EF93DF /* Products */ = {
			isa = PBXGroup;
			children = (
				416567A015DAE39200EF93DF /* SBJson.framework */,
				416567A215DAE39200EF93DF /* SBJsonTests.octest */,
				416567A415DAE39200EF93DF /* libsbjson-ios.a */,
				416567A615DAE39200EF93DF /* sbjson-iosTests.octest */,
			);
			name = Products;
			sourceTree = "<group>";
		};
		416567B215DAE59700EF93DF /* Utilities */ = {
			isa = PBXGroup;
			children = (
				41B20A2F15E860A200E7ED8B /* NSObject+JSONDataRepresentation.h */,
				41B20A3015E860A200E7ED8B /* NSObject+JSONDataRepresentation.m */,
				414E185B15C226DF007C9508 /* Sequence.h */,
				414E185C15C226DF007C9508 /* Sequence.m */,
				416567AA15DAE46D00EF93DF /* SMWebRequest.h */,
				416567AB15DAE46D00EF93DF /* SMWebRequest.m */,
				416567AE15DAE56D00EF93DF /* SMWebRequest+RAC.h */,
				416567AF15DAE56D00EF93DF /* SMWebRequest+RAC.m */,
			);
			name = Utilities;
			sourceTree = "<group>";
		};
		417FEFA815ACC59800E64503 /* Targets */ = {
			isa = PBXGroup;
			children = (
				41FA11CA15E433900079FD30 /* TargetItemsDataSource.h */,
				41FA11CB15E433900079FD30 /* TargetItemsDataSource.m */,
				41FA11C815E4337A0079FD30 /* TargetCollectionItemView.xib */,
				41C7FE6E15B8BCBD006B3468 /* Target Properties Dialog */,
				414779E515C0865B00B733EF /* Target View */,
			);
			name = Targets;
			sourceTree = "<group>";
		};
		417FEFAC15ACC96600E64503 /* Apps */ = {
			isa = PBXGroup;
			children = (
				41FA11D315E433D50079FD30 /* AppCollectionItemView.xib */,
				41B9232F15D07A280004D167 /* AppItemsDataSource.h */,
				41B9233015D07A280004D167 /* AppItemsDataSource.m */,
				41B9233215D07D0F0004D167 /* App Properties Dialog */,
				41B9233B15D187B00004D167 /* App View */,
			);
			name = Apps;
			sourceTree = "<group>";
		};
		41B9232B15D076600004D167 /* Items View */ = {
			isa = PBXGroup;
			children = (
				41FA11CF15E433BB0079FD30 /* ItemsView.xib */,
				4135F5A015D34D520054D961 /* CollectionItemView.h */,
				4135F5A115D34D520054D961 /* CollectionItemView.m */,
				418BF29715BF43B600E313C7 /* ItemsView.h */,
				418BF29815BF43B600E313C7 /* ItemsView.m */,
				418BF28F15BF16CE00E313C7 /* ItemsController.h */,
				418BF29015BF16CE00E313C7 /* ItemsController.m */,
			);
			name = "Items View";
			sourceTree = "<group>";
		};
		41B9233215D07D0F0004D167 /* App Properties Dialog */ = {
			isa = PBXGroup;
			children = (
				41FA11D515E433E00079FD30 /* AppPropertiesView.xib */,
				41B9233515D085480004D167 /* AppPropertiesView.h */,
				41B9233615D085480004D167 /* AppPropertiesView.m */,
				41B9233815D085870004D167 /* AppPropertiesController.h */,
				41B9233915D085870004D167 /* AppPropertiesController.m */,
			);
			name = "App Properties Dialog";
			sourceTree = "<group>";
		};
		41B9233B15D187B00004D167 /* App View */ = {
			isa = PBXGroup;
			children = (
				41FA11D715E433EB0079FD30 /* AppView.xib */,
				41B9238215D1909F0004D167 /* AppView.h */,
				41B9238315D1909F0004D167 /* AppView.m */,
				41B9237F15D18E600004D167 /* AppController.h */,
				41B9238015D18E600004D167 /* AppController.m */,
			);
			name = "App View";
			sourceTree = "<group>";
		};
		41C59C0315CAFD8200123ABF /* Products */ = {
			isa = PBXGroup;
			children = (
				41C59C0E15CAFD8300123ABF /* ReactiveCocoa.framework */,
				41C59C1015CAFD8300123ABF /* libReactiveCocoa-iOS.a */,
				41C59C1215CAFD8300123ABF /* ReactiveCocoaTests.octest */,
			);
			name = Products;
			sourceTree = "<group>";
		};
		41C59C1D15CB051400123ABF /* Extensions */ = {
			isa = PBXGroup;
			children = (
				41C59C1E15CB057400123ABF /* NSObject+AssociateDisposable.h */,
				41C59C1F15CB057400123ABF /* NSObject+AssociateDisposable.m */,
			);
			name = Extensions;
			sourceTree = "<group>";
		};
		41C7FE6E15B8BCBD006B3468 /* Target Properties Dialog */ = {
			isa = PBXGroup;
			children = (
				41FA11D115E433C70079FD30 /* TargetPropertiesView.xib */,
				41C7FE7215B8BF89006B3468 /* TargetPropertiesView.h */,
				41C7FE7315B8BF89006B3468 /* TargetPropertiesView.m */,
				41C7FE6F15B8BCF7006B3468 /* TargetPropertiesController.h */,
				41C7FE7015B8BCF7006B3468 /* TargetPropertiesController.m */,
			);
			name = "Target Properties Dialog";
			sourceTree = "<group>";
		};
		41F9029C15AF592A00550870 /* ThorCore */ = {
			isa = PBXGroup;
			children = (
				41C7FE6915B77B18006B3468 /* ThorCore.h */,
				413912F115E5D0A900DB464E /* CloudService.h */,
				413912F215E5D0A900DB464E /* CloudService.m */,
				41F9029F15AF592A00550870 /* ThorBackend.h */,
				41F902A015AF592A00550870 /* ThorBackend.m */,
				416567B215DAE59700EF93DF /* Utilities */,
				41F9029D15AF592A00550870 /* Supporting Files */,
			);
			path = ThorCore;
			sourceTree = "<group>";
		};
		41F9029D15AF592A00550870 /* Supporting Files */ = {
			isa = PBXGroup;
			children = (
				41F9029E15AF592A00550870 /* ThorCore-Prefix.pch */,
			);
			name = "Supporting Files";
			sourceTree = "<group>";
		};
		41F902AF15AF592A00550870 /* ThorCoreTests */ = {
			isa = PBXGroup;
			children = (
				41F902B515AF592A00550870 /* ThorBackendTests.h */,
				41F902B615AF592A00550870 /* ThorBackendTests.m */,
				41F902B015AF592A00550870 /* Supporting Files */,
			);
			path = ThorCoreTests;
			sourceTree = "<group>";
		};
		41F902B015AF592A00550870 /* Supporting Files */ = {
			isa = PBXGroup;
			children = (
				41F902B115AF592A00550870 /* ThorCoreTests-Info.plist */,
				41F902B215AF592A00550870 /* InfoPlist.strings */,
			);
			name = "Supporting Files";
			sourceTree = "<group>";
		};
		41FA11BA15E431990079FD30 /* Deployments */ = {
			isa = PBXGroup;
			children = (
				41FA11C315E4334D0079FD30 /* DeploymentView.xib */,
				41FA11BE15E431ED0079FD30 /* DeploymentView.h */,
				41FA11BF15E431ED0079FD30 /* DeploymentView.m */,
				41FA11BB15E431BB0079FD30 /* DeploymentController.h */,
				41FA11BC15E431BB0079FD30 /* DeploymentController.m */,
			);
			name = Deployments;
			sourceTree = "<group>";
		};
		F32F9734154908CB002CCF27 = {
			isa = PBXGroup;
			children = (
				F32F9749154908CB002CCF27 /* Thor */,
				F32F9769154908CC002CCF27 /* ThorTests */,
				41F9029C15AF592A00550870 /* ThorCore */,
				41F902AF15AF592A00550870 /* ThorCoreTests */,
				F32F9742154908CB002CCF27 /* Frameworks */,
				F32F9740154908CB002CCF27 /* Products */,
				4165679515DAE39100EF93DF /* SBJson.xcodeproj */,
				41C59C0215CAFD8200123ABF /* ReactiveCocoa.xcodeproj */,
			);
			sourceTree = "<group>";
		};
		F32F9740154908CB002CCF27 /* Products */ = {
			isa = PBXGroup;
			children = (
				F32F973F154908CB002CCF27 /* Thor.app */,
				F32F9763154908CC002CCF27 /* ThorTests.octest */,
				41F9029915AF592A00550870 /* libThorCore.a */,
				41F902A715AF592A00550870 /* ThorCoreTests.octest */,
			);
			name = Products;
			sourceTree = "<group>";
		};
		F32F9742154908CB002CCF27 /* Frameworks */ = {
			isa = PBXGroup;
			children = (
				4131290915B61264005F6D54 /* CoreData.framework */,
				F32F9743154908CB002CCF27 /* Cocoa.framework */,
				F32F9764154908CC002CCF27 /* SenTestingKit.framework */,
				41F9029A15AF592A00550870 /* Foundation.framework */,
				F32F9746154908CB002CCF27 /* AppKit.framework */,
			);
			name = Frameworks;
			sourceTree = "<group>";
		};
		F32F9749154908CB002CCF27 /* Thor */ = {
			isa = PBXGroup;
			children = (
				41FA11C515E4335C0079FD30 /* AppDelegate.h */,
				41FA11C615E4335C0079FD30 /* AppDelegate.m */,
				41C59C1D15CB051400123ABF /* Extensions */,
				417FEFAC15ACC96600E64503 /* Apps */,
				417FEFA815ACC59800E64503 /* Targets */,
				413912F515E5D94D00DB464E /* Services */,
				41FA11BA15E431990079FD30 /* Deployments */,
				412DA0F915AB86EF00087F6B /* Navigation Controllers */,
				414E184E15C0B4F1007C9508 /* Custom Views */,
				F32F975B154908CC002CCF27 /* Thor.xcdatamodeld */,
				414779E615C0B1AD00B733EF /* Resources */,
				F32F974A154908CB002CCF27 /* Supporting Files */,
			);
			path = Thor;
			sourceTree = "<group>";
		};
		F32F974A154908CB002CCF27 /* Supporting Files */ = {
			isa = PBXGroup;
			children = (
				4188EB3915ACB6800064206C /* MainMenu.xib */,
				F32F974B154908CB002CCF27 /* Thor-Info.plist */,
				F32F974C154908CB002CCF27 /* InfoPlist.strings */,
				F32F974F154908CB002CCF27 /* main.m */,
				F32F9751154908CB002CCF27 /* Thor-Prefix.pch */,
				F32F9752154908CB002CCF27 /* Credits.rtf */,
			);
			name = "Supporting Files";
			sourceTree = "<group>";
		};
		F32F9769154908CC002CCF27 /* ThorTests */ = {
			isa = PBXGroup;
			children = (
				F32F976F154908CC002CCF27 /* ThorTests.h */,
				F32F9770154908CC002CCF27 /* ThorTests.m */,
				F32F976A154908CC002CCF27 /* Supporting Files */,
			);
			path = ThorTests;
			sourceTree = "<group>";
		};
		F32F976A154908CC002CCF27 /* Supporting Files */ = {
			isa = PBXGroup;
			children = (
				F32F976B154908CC002CCF27 /* ThorTests-Info.plist */,
				F32F976C154908CC002CCF27 /* InfoPlist.strings */,
			);
			name = "Supporting Files";
			sourceTree = "<group>";
		};
/* End PBXGroup section */

/* Begin PBXHeadersBuildPhase section */
		41F9029715AF592A00550870 /* Headers */ = {
			isa = PBXHeadersBuildPhase;
			buildActionMask = 2147483647;
			files = (
				414E185D15C226DF007C9508 /* Sequence.h in Headers */,
				416567AC15DAE46D00EF93DF /* SMWebRequest.h in Headers */,
				416567B015DAE56D00EF93DF /* SMWebRequest+RAC.h in Headers */,
				413912F315E5D0A900DB464E /* CloudService.h in Headers */,
				41B20A3115E860A200E7ED8B /* NSObject+JSONDataRepresentation.h in Headers */,
			);
			runOnlyForDeploymentPostprocessing = 0;
		};
/* End PBXHeadersBuildPhase section */

/* Begin PBXNativeTarget section */
		41F9029815AF592A00550870 /* ThorCore */ = {
			isa = PBXNativeTarget;
			buildConfigurationList = 41F902B815AF592A00550870 /* Build configuration list for PBXNativeTarget "ThorCore" */;
			buildPhases = (
				41F9029515AF592A00550870 /* Sources */,
				41F9029615AF592A00550870 /* Frameworks */,
				41F9029715AF592A00550870 /* Headers */,
			);
			buildRules = (
			);
			dependencies = (
				416567A915DAE3BD00EF93DF /* PBXTargetDependency */,
			);
			name = ThorCore;
			productName = ThorCore;
			productReference = 41F9029915AF592A00550870 /* libThorCore.a */;
			productType = "com.apple.product-type.library.static";
		};
		41F902A615AF592A00550870 /* ThorCoreTests */ = {
			isa = PBXNativeTarget;
			buildConfigurationList = 41F902BB15AF592A00550870 /* Build configuration list for PBXNativeTarget "ThorCoreTests" */;
			buildPhases = (
				41F902A215AF592A00550870 /* Sources */,
				41F902A315AF592A00550870 /* Frameworks */,
				41F902A415AF592A00550870 /* Resources */,
				41F902A515AF592A00550870 /* ShellScript */,
			);
			buildRules = (
			);
			dependencies = (
				41F902AD15AF592A00550870 /* PBXTargetDependency */,
			);
			name = ThorCoreTests;
			productName = ThorCoreTests;
			productReference = 41F902A715AF592A00550870 /* ThorCoreTests.octest */;
			productType = "com.apple.product-type.bundle";
		};
		F32F973E154908CB002CCF27 /* Thor */ = {
			isa = PBXNativeTarget;
			buildConfigurationList = F32F9774154908CC002CCF27 /* Build configuration list for PBXNativeTarget "Thor" */;
			buildPhases = (
				F32F973B154908CB002CCF27 /* Sources */,
				F32F973C154908CB002CCF27 /* Frameworks */,
				F32F973D154908CB002CCF27 /* Resources */,
			);
			buildRules = (
			);
			dependencies = (
				41C59C1615CB008B00123ABF /* PBXTargetDependency */,
				41F902D815B5EFF500550870 /* PBXTargetDependency */,
			);
			name = Thor;
			productName = Thor;
			productReference = F32F973F154908CB002CCF27 /* Thor.app */;
			productType = "com.apple.product-type.application";
		};
		F32F9762154908CC002CCF27 /* ThorTests */ = {
			isa = PBXNativeTarget;
			buildConfigurationList = F32F9777154908CC002CCF27 /* Build configuration list for PBXNativeTarget "ThorTests" */;
			buildPhases = (
				F32F975E154908CC002CCF27 /* Sources */,
				F32F975F154908CC002CCF27 /* Frameworks */,
				F32F9760154908CC002CCF27 /* Resources */,
				F32F9761154908CC002CCF27 /* ShellScript */,
			);
			buildRules = (
			);
			dependencies = (
				F32F9768154908CC002CCF27 /* PBXTargetDependency */,
			);
			name = ThorTests;
			productName = ThorTests;
			productReference = F32F9763154908CC002CCF27 /* ThorTests.octest */;
			productType = "com.apple.product-type.bundle";
		};
/* End PBXNativeTarget section */

/* Begin PBXProject section */
		F32F9736154908CB002CCF27 /* Project object */ = {
			isa = PBXProject;
			attributes = {
				CLASSPREFIX = t3oss;
				LastUpgradeCheck = 0440;
				ORGANIZATIONNAME = "Three Step Solutions";
			};
			buildConfigurationList = F32F9739154908CB002CCF27 /* Build configuration list for PBXProject "Thor" */;
			compatibilityVersion = "Xcode 3.2";
			developmentRegion = English;
			hasScannedForEncodings = 0;
			knownRegions = (
				en,
			);
			mainGroup = F32F9734154908CB002CCF27;
			productRefGroup = F32F9740154908CB002CCF27 /* Products */;
			projectDirPath = "";
			projectReferences = (
				{
					ProductGroup = 41C59C0315CAFD8200123ABF /* Products */;
					ProjectRef = 41C59C0215CAFD8200123ABF /* ReactiveCocoa.xcodeproj */;
				},
				{
					ProductGroup = 4165679615DAE39100EF93DF /* Products */;
					ProjectRef = 4165679515DAE39100EF93DF /* SBJson.xcodeproj */;
				},
			);
			projectRoot = "";
			targets = (
				F32F973E154908CB002CCF27 /* Thor */,
				F32F9762154908CC002CCF27 /* ThorTests */,
				41F9029815AF592A00550870 /* ThorCore */,
				41F902A615AF592A00550870 /* ThorCoreTests */,
			);
		};
/* End PBXProject section */

/* Begin PBXReferenceProxy section */
		416567A015DAE39200EF93DF /* SBJson.framework */ = {
			isa = PBXReferenceProxy;
			fileType = wrapper.framework;
			path = SBJson.framework;
			remoteRef = 4165679F15DAE39200EF93DF /* PBXContainerItemProxy */;
			sourceTree = BUILT_PRODUCTS_DIR;
		};
		416567A215DAE39200EF93DF /* SBJsonTests.octest */ = {
			isa = PBXReferenceProxy;
			fileType = wrapper.cfbundle;
			path = SBJsonTests.octest;
			remoteRef = 416567A115DAE39200EF93DF /* PBXContainerItemProxy */;
			sourceTree = BUILT_PRODUCTS_DIR;
		};
		416567A415DAE39200EF93DF /* libsbjson-ios.a */ = {
			isa = PBXReferenceProxy;
			fileType = archive.ar;
			path = "libsbjson-ios.a";
			remoteRef = 416567A315DAE39200EF93DF /* PBXContainerItemProxy */;
			sourceTree = BUILT_PRODUCTS_DIR;
		};
		416567A615DAE39200EF93DF /* sbjson-iosTests.octest */ = {
			isa = PBXReferenceProxy;
			fileType = wrapper.cfbundle;
			path = "sbjson-iosTests.octest";
			remoteRef = 416567A515DAE39200EF93DF /* PBXContainerItemProxy */;
			sourceTree = BUILT_PRODUCTS_DIR;
		};
		41C59C0E15CAFD8300123ABF /* ReactiveCocoa.framework */ = {
			isa = PBXReferenceProxy;
			fileType = wrapper.framework;
			path = ReactiveCocoa.framework;
			remoteRef = 41C59C0D15CAFD8300123ABF /* PBXContainerItemProxy */;
			sourceTree = BUILT_PRODUCTS_DIR;
		};
		41C59C1015CAFD8300123ABF /* libReactiveCocoa-iOS.a */ = {
			isa = PBXReferenceProxy;
			fileType = archive.ar;
			path = "libReactiveCocoa-iOS.a";
			remoteRef = 41C59C0F15CAFD8300123ABF /* PBXContainerItemProxy */;
			sourceTree = BUILT_PRODUCTS_DIR;
		};
		41C59C1215CAFD8300123ABF /* ReactiveCocoaTests.octest */ = {
			isa = PBXReferenceProxy;
			fileType = wrapper.cfbundle;
			path = ReactiveCocoaTests.octest;
			remoteRef = 41C59C1115CAFD8300123ABF /* PBXContainerItemProxy */;
			sourceTree = BUILT_PRODUCTS_DIR;
		};
/* End PBXReferenceProxy section */

/* Begin PBXResourcesBuildPhase section */
		41F902A415AF592A00550870 /* Resources */ = {
			isa = PBXResourcesBuildPhase;
			buildActionMask = 2147483647;
			files = (
				41F902B415AF592A00550870 /* InfoPlist.strings in Resources */,
			);
			runOnlyForDeploymentPostprocessing = 0;
		};
		F32F973D154908CB002CCF27 /* Resources */ = {
			isa = PBXResourcesBuildPhase;
			buildActionMask = 2147483647;
			files = (
				F32F974E154908CB002CCF27 /* InfoPlist.strings in Resources */,
				F32F9754154908CB002CCF27 /* Credits.rtf in Resources */,
				4188EB3B15ACB6800064206C /* MainMenu.xib in Resources */,
				414779E815C0B1C000B733EF /* CollectionViewBackground.png in Resources */,
				4135F59915D33BEE0054D961 /* AppIcon.png in Resources */,
				4135F59A15D33BEE0054D961 /* AppIconSelected.png in Resources */,
				4135F59B15D33BEE0054D961 /* BreadcrumbArrow.png in Resources */,
				4135F59C15D33BEE0054D961 /* CloudIcon.png in Resources */,
				4135F59D15D33BEE0054D961 /* CloudIconSelected.png in Resources */,
				4165678D15D5B74200EF93DF /* AppToolbarIcon.png in Resources */,
				4165678E15D5B74200EF93DF /* CloudToolbarIcon.png in Resources */,
				41FA11C415E4334D0079FD30 /* DeploymentView.xib in Resources */,
				41FA11C915E4337A0079FD30 /* TargetCollectionItemView.xib in Resources */,
				41FA11CE15E433A90079FD30 /* TargetView.xib in Resources */,
				41FA11D015E433BB0079FD30 /* ItemsView.xib in Resources */,
				41FA11D215E433C70079FD30 /* TargetPropertiesView.xib in Resources */,
				41FA11D415E433D50079FD30 /* AppCollectionItemView.xib in Resources */,
				41FA11D615E433E00079FD30 /* AppPropertiesView.xib in Resources */,
				41FA11D815E433EB0079FD30 /* AppView.xib in Resources */,
				413912FA15E5DA1E00DB464E /* ServicesView.xib in Resources */,
				413912FC15E5DA5A00DB464E /* ServicesToolbarIcon.png in Resources */,
				41B20A0D15E6E1C700E7ED8B /* BreadcrumbArrowSelected.png in Resources */,
			);
			runOnlyForDeploymentPostprocessing = 0;
		};
		F32F9760154908CC002CCF27 /* Resources */ = {
			isa = PBXResourcesBuildPhase;
			buildActionMask = 2147483647;
			files = (
				F32F976E154908CC002CCF27 /* InfoPlist.strings in Resources */,
			);
			runOnlyForDeploymentPostprocessing = 0;
		};
/* End PBXResourcesBuildPhase section */

/* Begin PBXShellScriptBuildPhase section */
		41F902A515AF592A00550870 /* ShellScript */ = {
			isa = PBXShellScriptBuildPhase;
			buildActionMask = 2147483647;
			files = (
			);
			inputPaths = (
			);
			outputPaths = (
			);
			runOnlyForDeploymentPostprocessing = 0;
			shellPath = /bin/sh;
			shellScript = "# Run the unit tests in this test bundle.\n\"${SYSTEM_DEVELOPER_DIR}/Tools/RunUnitTests\"\n";
		};
		F32F9761154908CC002CCF27 /* ShellScript */ = {
			isa = PBXShellScriptBuildPhase;
			buildActionMask = 2147483647;
			files = (
			);
			inputPaths = (
			);
			outputPaths = (
			);
			runOnlyForDeploymentPostprocessing = 0;
			shellPath = /bin/sh;
			shellScript = "# Run the unit tests in this test bundle.\n\"${SYSTEM_DEVELOPER_DIR}/Tools/RunUnitTests\"\n";
		};
/* End PBXShellScriptBuildPhase section */

/* Begin PBXSourcesBuildPhase section */
		41F9029515AF592A00550870 /* Sources */ = {
			isa = PBXSourcesBuildPhase;
			buildActionMask = 2147483647;
			files = (
				41F902A115AF592A00550870 /* ThorBackend.m in Sources */,
				414E185E15C226DF007C9508 /* Sequence.m in Sources */,
				416567AD15DAE46D00EF93DF /* SMWebRequest.m in Sources */,
				416567B115DAE56D00EF93DF /* SMWebRequest+RAC.m in Sources */,
				413912F415E5D0A900DB464E /* CloudService.m in Sources */,
				41B20A3215E860A200E7ED8B /* NSObject+JSONDataRepresentation.m in Sources */,
			);
			runOnlyForDeploymentPostprocessing = 0;
		};
		41F902A215AF592A00550870 /* Sources */ = {
			isa = PBXSourcesBuildPhase;
			buildActionMask = 2147483647;
			files = (
				41F902B715AF592A00550870 /* ThorBackendTests.m in Sources */,
			);
			runOnlyForDeploymentPostprocessing = 0;
		};
		F32F973B154908CB002CCF27 /* Sources */ = {
			isa = PBXSourcesBuildPhase;
			buildActionMask = 2147483647;
			files = (
				F32F9750154908CB002CCF27 /* main.m in Sources */,
				F32F975D154908CC002CCF27 /* Thor.xcdatamodeld in Sources */,
				417FEFA615ACBFE300E64503 /* ToolbarTabController.m in Sources */,
				417FEFB215ACD93F00E64503 /* BreadcrumbController.m in Sources */,
				417FEFB515AD211800E64503 /* BreadcrumbBar.m in Sources */,
				41C7FE6D15B89281006B3468 /* BottomBar.m in Sources */,
				41C7FE7115B8BCF7006B3468 /* TargetPropertiesController.m in Sources */,
				41C7FE7415B8BF89006B3468 /* TargetPropertiesView.m in Sources */,
				418BF29115BF16CF00E313C7 /* ItemsController.m in Sources */,
				418BF29915BF43B700E313C7 /* ItemsView.m in Sources */,
				414E185215C0B55F007C9508 /* CollectionView.m in Sources */,
				414E185515C0BF63007C9508 /* TargetController.m in Sources */,
				414E185A15C1BC0E007C9508 /* GridView.m in Sources */,
				41D286CD15C879D800206E3A /* TargetView.m in Sources */,
				41D286D115C87B9200206E3A /* SheetWindow.m in Sources */,
				41C59C2015CB057400123ABF /* NSObject+AssociateDisposable.m in Sources */,
				41B9233115D07A280004D167 /* AppItemsDataSource.m in Sources */,
				41B9233715D085480004D167 /* AppPropertiesView.m in Sources */,
				41B9233A15D085880004D167 /* AppPropertiesController.m in Sources */,
				41B9238115D18E600004D167 /* AppController.m in Sources */,
				41B9238415D190A00004D167 /* AppView.m in Sources */,
				4135F5A215D34D520054D961 /* CollectionItemView.m in Sources */,
				4165679115D5DE2000EF93DF /* NSString+ShadowedTextDrawing.m in Sources */,
				4165679415D9D75100EF93DF /* Box.m in Sources */,
				41FA11BD15E431BB0079FD30 /* DeploymentController.m in Sources */,
				41FA11C015E431ED0079FD30 /* DeploymentView.m in Sources */,
				41FA11C715E4335D0079FD30 /* AppDelegate.m in Sources */,
				41FA11CC15E433900079FD30 /* TargetItemsDataSource.m in Sources */,
				41FA11DB15E436570079FD30 /* BoxGroupView.m in Sources */,
				413912F815E5D98800DB464E /* ServicesController.m in Sources */,
			);
			runOnlyForDeploymentPostprocessing = 0;
		};
		F32F975E154908CC002CCF27 /* Sources */ = {
			isa = PBXSourcesBuildPhase;
			buildActionMask = 2147483647;
			files = (
				F32F9771154908CC002CCF27 /* ThorTests.m in Sources */,
			);
			runOnlyForDeploymentPostprocessing = 0;
		};
/* End PBXSourcesBuildPhase section */

/* Begin PBXTargetDependency section */
		416567A915DAE3BD00EF93DF /* PBXTargetDependency */ = {
			isa = PBXTargetDependency;
			name = SBJson;
			targetProxy = 416567A815DAE3BD00EF93DF /* PBXContainerItemProxy */;
		};
		41C59C1615CB008B00123ABF /* PBXTargetDependency */ = {
			isa = PBXTargetDependency;
			name = ReactiveCocoa;
			targetProxy = 41C59C1515CB008B00123ABF /* PBXContainerItemProxy */;
		};
		41F902AD15AF592A00550870 /* PBXTargetDependency */ = {
			isa = PBXTargetDependency;
			target = 41F9029815AF592A00550870 /* ThorCore */;
			targetProxy = 41F902AC15AF592A00550870 /* PBXContainerItemProxy */;
		};
		41F902D815B5EFF500550870 /* PBXTargetDependency */ = {
			isa = PBXTargetDependency;
			target = 41F9029815AF592A00550870 /* ThorCore */;
			targetProxy = 41F902D715B5EFF500550870 /* PBXContainerItemProxy */;
		};
		F32F9768154908CC002CCF27 /* PBXTargetDependency */ = {
			isa = PBXTargetDependency;
			target = F32F973E154908CB002CCF27 /* Thor */;
			targetProxy = F32F9767154908CC002CCF27 /* PBXContainerItemProxy */;
		};
/* End PBXTargetDependency section */

/* Begin PBXVariantGroup section */
		4188EB3915ACB6800064206C /* MainMenu.xib */ = {
			isa = PBXVariantGroup;
			children = (
				4188EB3A15ACB6800064206C /* en */,
			);
			name = MainMenu.xib;
			sourceTree = "<group>";
		};
		41F902B215AF592A00550870 /* InfoPlist.strings */ = {
			isa = PBXVariantGroup;
			children = (
				41F902B315AF592A00550870 /* en */,
			);
			name = InfoPlist.strings;
			sourceTree = "<group>";
		};
		F32F974C154908CB002CCF27 /* InfoPlist.strings */ = {
			isa = PBXVariantGroup;
			children = (
				F32F974D154908CB002CCF27 /* en */,
			);
			name = InfoPlist.strings;
			sourceTree = "<group>";
		};
		F32F9752154908CB002CCF27 /* Credits.rtf */ = {
			isa = PBXVariantGroup;
			children = (
				F32F9753154908CB002CCF27 /* en */,
			);
			name = Credits.rtf;
			sourceTree = "<group>";
		};
		F32F976C154908CC002CCF27 /* InfoPlist.strings */ = {
			isa = PBXVariantGroup;
			children = (
				F32F976D154908CC002CCF27 /* en */,
			);
			name = InfoPlist.strings;
			sourceTree = "<group>";
		};
/* End PBXVariantGroup section */

/* Begin XCBuildConfiguration section */
		41F902B915AF592A00550870 /* Debug */ = {
			isa = XCBuildConfiguration;
			buildSettings = {
				ARCHS = "$(ARCHS_STANDARD_64_BIT)";
				CLANG_WARN_OBJCPP_ARC_ABI = YES;
				COMBINE_HIDPI_IMAGES = YES;
				DSTROOT = /tmp/ThorCore.dst;
				GCC_PRECOMPILE_PREFIX_HEADER = YES;
				GCC_PREFIX_HEADER = "ThorCore/ThorCore-Prefix.pch";
				GCC_VERSION = "";
				GCC_WARN_UNUSED_VARIABLE = NO;
				HEADER_SEARCH_PATHS = "json-framework/Classes";
				OTHER_LDFLAGS = "-ObjC";
				PRODUCT_NAME = "$(TARGET_NAME)";
				SDKROOT = macosx;
				SKIP_INSTALL = YES;
			};
			name = Debug;
		};
		41F902BA15AF592A00550870 /* Release */ = {
			isa = XCBuildConfiguration;
			buildSettings = {
				ARCHS = "$(ARCHS_STANDARD_64_BIT)";
				CLANG_WARN_OBJCPP_ARC_ABI = YES;
				COMBINE_HIDPI_IMAGES = YES;
				DSTROOT = /tmp/ThorCore.dst;
				GCC_PRECOMPILE_PREFIX_HEADER = YES;
				GCC_PREFIX_HEADER = "ThorCore/ThorCore-Prefix.pch";
				GCC_VERSION = "";
				GCC_WARN_UNUSED_VARIABLE = NO;
				HEADER_SEARCH_PATHS = "json-framework/Classes";
				OTHER_LDFLAGS = "-ObjC";
				PRODUCT_NAME = "$(TARGET_NAME)";
				SDKROOT = macosx;
				SKIP_INSTALL = YES;
				VALIDATE_PRODUCT = YES;
			};
			name = Release;
		};
		41F902BC15AF592A00550870 /* Debug */ = {
			isa = XCBuildConfiguration;
			buildSettings = {
				ARCHS = "$(ARCHS_STANDARD_64_BIT)";
				COMBINE_HIDPI_IMAGES = YES;
				FRAMEWORK_SEARCH_PATHS = "$(DEVELOPER_LIBRARY_DIR)/Frameworks";
				GCC_PRECOMPILE_PREFIX_HEADER = YES;
				GCC_PREFIX_HEADER = "ThorCore/ThorCore-Prefix.pch";
				GCC_WARN_UNUSED_VARIABLE = NO;
				INFOPLIST_FILE = "ThorCoreTests/ThorCoreTests-Info.plist";
				IPHONEOS_DEPLOYMENT_TARGET = 5.1;
				OTHER_LDFLAGS = (
					"-ObjC",
					"-all_load",
				);
				PRODUCT_NAME = "$(TARGET_NAME)";
				SDKROOT = "";
				WRAPPER_EXTENSION = octest;
			};
			name = Debug;
		};
		41F902BD15AF592A00550870 /* Release */ = {
			isa = XCBuildConfiguration;
			buildSettings = {
				ARCHS = "$(ARCHS_STANDARD_64_BIT)";
				COMBINE_HIDPI_IMAGES = YES;
				FRAMEWORK_SEARCH_PATHS = "$(DEVELOPER_LIBRARY_DIR)/Frameworks";
				GCC_PRECOMPILE_PREFIX_HEADER = YES;
				GCC_PREFIX_HEADER = "ThorCore/ThorCore-Prefix.pch";
				GCC_WARN_UNUSED_VARIABLE = NO;
				INFOPLIST_FILE = "ThorCoreTests/ThorCoreTests-Info.plist";
				IPHONEOS_DEPLOYMENT_TARGET = 5.1;
				OTHER_LDFLAGS = (
					"-ObjC",
					"-all_load",
				);
				PRODUCT_NAME = "$(TARGET_NAME)";
				SDKROOT = "";
				VALIDATE_PRODUCT = YES;
				WRAPPER_EXTENSION = octest;
			};
			name = Release;
		};
		F32F9772154908CC002CCF27 /* Debug */ = {
			isa = XCBuildConfiguration;
			buildSettings = {
				ALWAYS_SEARCH_USER_PATHS = NO;
				ARCHS = "$(ARCHS_STANDARD_64_BIT)";
				CLANG_ENABLE_OBJC_ARC = YES;
				COPY_PHASE_STRIP = NO;
				GCC_C_LANGUAGE_STANDARD = gnu99;
				GCC_DYNAMIC_NO_PIC = NO;
				GCC_ENABLE_OBJC_EXCEPTIONS = YES;
				GCC_OPTIMIZATION_LEVEL = 0;
				GCC_PREPROCESSOR_DEFINITIONS = (
					"DEBUG=1",
					"$(inherited)",
				);
				GCC_SYMBOLS_PRIVATE_EXTERN = NO;
				GCC_VERSION = com.apple.compilers.llvm.clang.1_0;
				GCC_WARN_64_TO_32_BIT_CONVERSION = YES;
				GCC_WARN_ABOUT_RETURN_TYPE = YES;
				GCC_WARN_UNINITIALIZED_AUTOS = YES;
				GCC_WARN_UNUSED_VARIABLE = YES;
				MACOSX_DEPLOYMENT_TARGET = 10.7;
				ONLY_ACTIVE_ARCH = YES;
				SDKROOT = macosx;
			};
			name = Debug;
		};
		F32F9773154908CC002CCF27 /* Release */ = {
			isa = XCBuildConfiguration;
			buildSettings = {
				ALWAYS_SEARCH_USER_PATHS = NO;
				ARCHS = "$(ARCHS_STANDARD_64_BIT)";
				CLANG_ENABLE_OBJC_ARC = YES;
				COPY_PHASE_STRIP = YES;
				DEBUG_INFORMATION_FORMAT = "dwarf-with-dsym";
				GCC_C_LANGUAGE_STANDARD = gnu99;
				GCC_ENABLE_OBJC_EXCEPTIONS = YES;
				GCC_VERSION = com.apple.compilers.llvm.clang.1_0;
				GCC_WARN_64_TO_32_BIT_CONVERSION = YES;
				GCC_WARN_ABOUT_RETURN_TYPE = YES;
				GCC_WARN_UNINITIALIZED_AUTOS = YES;
				GCC_WARN_UNUSED_VARIABLE = YES;
				MACOSX_DEPLOYMENT_TARGET = 10.7;
				SDKROOT = macosx;
			};
			name = Release;
		};
		F32F9775154908CC002CCF27 /* Debug */ = {
			isa = XCBuildConfiguration;
			buildSettings = {
				COMBINE_HIDPI_IMAGES = YES;
				GCC_PRECOMPILE_PREFIX_HEADER = YES;
				GCC_PREFIX_HEADER = "Thor/Thor-Prefix.pch";
				GCC_WARN_UNUSED_VARIABLE = NO;
				HEADER_SEARCH_PATHS = ReactiveCocoa/external/jrswizzle;
				INFOPLIST_FILE = "Thor/Thor-Info.plist";
				OTHER_LDFLAGS = (
					"-ObjC",
					"-all_load",
				);
				PRODUCT_NAME = "$(TARGET_NAME)";
				WRAPPER_EXTENSION = app;
			};
			name = Debug;
		};
		F32F9776154908CC002CCF27 /* Release */ = {
			isa = XCBuildConfiguration;
			buildSettings = {
				COMBINE_HIDPI_IMAGES = YES;
				GCC_PRECOMPILE_PREFIX_HEADER = YES;
				GCC_PREFIX_HEADER = "Thor/Thor-Prefix.pch";
				GCC_WARN_UNUSED_VARIABLE = NO;
				HEADER_SEARCH_PATHS = ReactiveCocoa/external/jrswizzle;
				INFOPLIST_FILE = "Thor/Thor-Info.plist";
				OTHER_LDFLAGS = (
					"-ObjC",
					"-all_load",
				);
				PRODUCT_NAME = "$(TARGET_NAME)";
				WRAPPER_EXTENSION = app;
			};
			name = Release;
		};
		F32F9778154908CC002CCF27 /* Debug */ = {
			isa = XCBuildConfiguration;
			buildSettings = {
				BUNDLE_LOADER = "$(BUILT_PRODUCTS_DIR)/Thor.app/Contents/MacOS/Thor";
				COMBINE_HIDPI_IMAGES = YES;
				FRAMEWORK_SEARCH_PATHS = "$(DEVELOPER_LIBRARY_DIR)/Frameworks";
				GCC_PRECOMPILE_PREFIX_HEADER = YES;
				GCC_PREFIX_HEADER = "Thor/Thor-Prefix.pch";
				INFOPLIST_FILE = "ThorTests/ThorTests-Info.plist";
				PRODUCT_NAME = "$(TARGET_NAME)";
				TEST_HOST = "$(BUNDLE_LOADER)";
				WRAPPER_EXTENSION = octest;
			};
			name = Debug;
		};
		F32F9779154908CC002CCF27 /* Release */ = {
			isa = XCBuildConfiguration;
			buildSettings = {
				BUNDLE_LOADER = "$(BUILT_PRODUCTS_DIR)/Thor.app/Contents/MacOS/Thor";
				COMBINE_HIDPI_IMAGES = YES;
				FRAMEWORK_SEARCH_PATHS = "$(DEVELOPER_LIBRARY_DIR)/Frameworks";
				GCC_PRECOMPILE_PREFIX_HEADER = YES;
				GCC_PREFIX_HEADER = "Thor/Thor-Prefix.pch";
				INFOPLIST_FILE = "ThorTests/ThorTests-Info.plist";
				PRODUCT_NAME = "$(TARGET_NAME)";
				TEST_HOST = "$(BUNDLE_LOADER)";
				WRAPPER_EXTENSION = octest;
			};
			name = Release;
		};
/* End XCBuildConfiguration section */

/* Begin XCConfigurationList section */
		41F902B815AF592A00550870 /* Build configuration list for PBXNativeTarget "ThorCore" */ = {
			isa = XCConfigurationList;
			buildConfigurations = (
				41F902B915AF592A00550870 /* Debug */,
				41F902BA15AF592A00550870 /* Release */,
			);
			defaultConfigurationIsVisible = 0;
			defaultConfigurationName = Release;
		};
		41F902BB15AF592A00550870 /* Build configuration list for PBXNativeTarget "ThorCoreTests" */ = {
			isa = XCConfigurationList;
			buildConfigurations = (
				41F902BC15AF592A00550870 /* Debug */,
				41F902BD15AF592A00550870 /* Release */,
			);
			defaultConfigurationIsVisible = 0;
			defaultConfigurationName = Release;
		};
		F32F9739154908CB002CCF27 /* Build configuration list for PBXProject "Thor" */ = {
			isa = XCConfigurationList;
			buildConfigurations = (
				F32F9772154908CC002CCF27 /* Debug */,
				F32F9773154908CC002CCF27 /* Release */,
			);
			defaultConfigurationIsVisible = 0;
			defaultConfigurationName = Release;
		};
		F32F9774154908CC002CCF27 /* Build configuration list for PBXNativeTarget "Thor" */ = {
			isa = XCConfigurationList;
			buildConfigurations = (
				F32F9775154908CC002CCF27 /* Debug */,
				F32F9776154908CC002CCF27 /* Release */,
			);
			defaultConfigurationIsVisible = 0;
			defaultConfigurationName = Release;
		};
		F32F9777154908CC002CCF27 /* Build configuration list for PBXNativeTarget "ThorTests" */ = {
			isa = XCConfigurationList;
			buildConfigurations = (
				F32F9778154908CC002CCF27 /* Debug */,
				F32F9779154908CC002CCF27 /* Release */,
			);
			defaultConfigurationIsVisible = 0;
			defaultConfigurationName = Release;
		};
/* End XCConfigurationList section */

/* Begin XCVersionGroup section */
		F32F975B154908CC002CCF27 /* Thor.xcdatamodeld */ = {
			isa = XCVersionGroup;
			children = (
				F32F975C154908CC002CCF27 /* Thor.xcdatamodel */,
			);
			currentVersion = F32F975C154908CC002CCF27 /* Thor.xcdatamodel */;
			path = Thor.xcdatamodeld;
			sourceTree = "<group>";
			versionGroupType = wrapper.xcdatamodel;
		};
/* End XCVersionGroup section */
	};
	rootObject = F32F9736154908CB002CCF27 /* Project object */;
}
